// !$*UTF8*$!
{
	archiveVersion = 1;
	classes = {
	};
	objectVersion = 55;
	objects = {

/* Begin PBXBuildFile section */
		59CB51CB28A82C82001CC061 /* AppDelegate.swift in Sources */ = {isa = PBXBuildFile; fileRef = 59CB51CA28A82C82001CC061 /* AppDelegate.swift */; };
		59CB51CF28A82C82001CC061 /* NavigationController.swift in Sources */ = {isa = PBXBuildFile; fileRef = 59CB51CE28A82C82001CC061 /* NavigationController.swift */; };
		59CB51D428A82C83001CC061 /* Assets.xcassets in Resources */ = {isa = PBXBuildFile; fileRef = 59CB51D328A82C83001CC061 /* Assets.xcassets */; };
		59CB51D728A82C83001CC061 /* LaunchScreen.storyboard in Resources */ = {isa = PBXBuildFile; fileRef = 59CB51D528A82C83001CC061 /* LaunchScreen.storyboard */; };
		59CB51E528A88A36001CC061 /* Coordinator.swift in Sources */ = {isa = PBXBuildFile; fileRef = 59CB51E428A88A36001CC061 /* Coordinator.swift */; };
		59CB51E828A88AC0001CC061 /* AppCoordinator.swift in Sources */ = {isa = PBXBuildFile; fileRef = 59CB51E728A88AC0001CC061 /* AppCoordinator.swift */; };
		59CB51EB28A88B15001CC061 /* SearchCoordinator.swift in Sources */ = {isa = PBXBuildFile; fileRef = 59CB51EA28A88B15001CC061 /* SearchCoordinator.swift */; };
		59CB51ED28A88B51001CC061 /* FavoritesCoordinator.swift in Sources */ = {isa = PBXBuildFile; fileRef = 59CB51EC28A88B51001CC061 /* FavoritesCoordinator.swift */; };
		59CB51F028A88DAE001CC061 /* SearchResultsCoordinator.swift in Sources */ = {isa = PBXBuildFile; fileRef = 59CB51EF28A88DAE001CC061 /* SearchResultsCoordinator.swift */; };
		59CB51F228A88E1E001CC061 /* DetailsCoordinator.swift in Sources */ = {isa = PBXBuildFile; fileRef = 59CB51F128A88E1E001CC061 /* DetailsCoordinator.swift */; };
		59CB51F428A88E55001CC061 /* DirectionsCoordinator.swift in Sources */ = {isa = PBXBuildFile; fileRef = 59CB51F328A88E55001CC061 /* DirectionsCoordinator.swift */; };
		59CB51F728A890DE001CC061 /* SearchViewController.swift in Sources */ = {isa = PBXBuildFile; fileRef = 59CB51F628A890DE001CC061 /* SearchViewController.swift */; };
		59CB51FA28A891CD001CC061 /* FavoritesViewController.swift in Sources */ = {isa = PBXBuildFile; fileRef = 59CB51F928A891CD001CC061 /* FavoritesViewController.swift */; };
		59CB51FF28A893A6001CC061 /* SearchResultsViewController.swift in Sources */ = {isa = PBXBuildFile; fileRef = 59CB51FE28A893A6001CC061 /* SearchResultsViewController.swift */; };
		59CB520128A893C7001CC061 /* DetailsViewController.swift in Sources */ = {isa = PBXBuildFile; fileRef = 59CB520028A893C7001CC061 /* DetailsViewController.swift */; };
		59CB520328A893CF001CC061 /* DirectionsViewController.swift in Sources */ = {isa = PBXBuildFile; fileRef = 59CB520228A893CF001CC061 /* DirectionsViewController.swift */; };
		59CB520628A89876001CC061 /* ViewBuilder.swift in Sources */ = {isa = PBXBuildFile; fileRef = 59CB520528A89876001CC061 /* ViewBuilder.swift */; };
		59CB520828A898DE001CC061 /* StackViewBuilder.swift in Sources */ = {isa = PBXBuildFile; fileRef = 59CB520728A898DE001CC061 /* StackViewBuilder.swift */; };
		59CB520A28A89931001CC061 /* LabelBuilder.swift in Sources */ = {isa = PBXBuildFile; fileRef = 59CB520928A89931001CC061 /* LabelBuilder.swift */; };
		59CB520C28A89990001CC061 /* TextFieldBuilder.swift in Sources */ = {isa = PBXBuildFile; fileRef = 59CB520B28A89990001CC061 /* TextFieldBuilder.swift */; };
		59CB520E28A899D2001CC061 /* TableViewBuilder.swift in Sources */ = {isa = PBXBuildFile; fileRef = 59CB520D28A899D2001CC061 /* TableViewBuilder.swift */; };
		59CB521028A899E9001CC061 /* ButtonBuilder.swift in Sources */ = {isa = PBXBuildFile; fileRef = 59CB520F28A899E9001CC061 /* ButtonBuilder.swift */; };
		59CB521328A89DBD001CC061 /* SearchViewModel.swift in Sources */ = {isa = PBXBuildFile; fileRef = 59CB521228A89DBD001CC061 /* SearchViewModel.swift */; };
		59CB521628A8A2E3001CC061 /* String+Capitals.swift in Sources */ = {isa = PBXBuildFile; fileRef = 59CB521528A8A2E3001CC061 /* String+Capitals.swift */; };
		59CB521928A8A752001CC061 /* FavoritesViewModel.swift in Sources */ = {isa = PBXBuildFile; fileRef = 59CB521828A8A752001CC061 /* FavoritesViewModel.swift */; };
		59CB521B28A921EA001CC061 /* UIViewController+Alerts.swift in Sources */ = {isa = PBXBuildFile; fileRef = 59CB521A28A921EA001CC061 /* UIViewController+Alerts.swift */; };
		59CB521D28A92286001CC061 /* String+Trimming.swift in Sources */ = {isa = PBXBuildFile; fileRef = 59CB521C28A92286001CC061 /* String+Trimming.swift */; };
		59CB522028A93128001CC061 /* SearchResultsViewModel.swift in Sources */ = {isa = PBXBuildFile; fileRef = 59CB521F28A93128001CC061 /* SearchResultsViewModel.swift */; };
/* End PBXBuildFile section */

/* Begin PBXFileReference section */
		59CB51C728A82C82001CC061 /* OC-P10-Reciplease.app */ = {isa = PBXFileReference; explicitFileType = wrapper.application; includeInIndex = 0; path = "OC-P10-Reciplease.app"; sourceTree = BUILT_PRODUCTS_DIR; };
		59CB51CA28A82C82001CC061 /* AppDelegate.swift */ = {isa = PBXFileReference; lastKnownFileType = sourcecode.swift; path = AppDelegate.swift; sourceTree = "<group>"; };
		59CB51CE28A82C82001CC061 /* NavigationController.swift */ = {isa = PBXFileReference; lastKnownFileType = sourcecode.swift; path = NavigationController.swift; sourceTree = "<group>"; };
		59CB51D328A82C83001CC061 /* Assets.xcassets */ = {isa = PBXFileReference; lastKnownFileType = folder.assetcatalog; path = Assets.xcassets; sourceTree = "<group>"; };
		59CB51D628A82C83001CC061 /* Base */ = {isa = PBXFileReference; lastKnownFileType = file.storyboard; name = Base; path = Base.lproj/LaunchScreen.storyboard; sourceTree = "<group>"; };
		59CB51DF28A86939001CC061 /* Info.plist */ = {isa = PBXFileReference; fileEncoding = 4; lastKnownFileType = text.plist.xml; path = Info.plist; sourceTree = "<group>"; };
		59CB51E428A88A36001CC061 /* Coordinator.swift */ = {isa = PBXFileReference; lastKnownFileType = sourcecode.swift; path = Coordinator.swift; sourceTree = "<group>"; };
		59CB51E728A88AC0001CC061 /* AppCoordinator.swift */ = {isa = PBXFileReference; lastKnownFileType = sourcecode.swift; path = AppCoordinator.swift; sourceTree = "<group>"; };
		59CB51EA28A88B15001CC061 /* SearchCoordinator.swift */ = {isa = PBXFileReference; lastKnownFileType = sourcecode.swift; path = SearchCoordinator.swift; sourceTree = "<group>"; };
		59CB51EC28A88B51001CC061 /* FavoritesCoordinator.swift */ = {isa = PBXFileReference; lastKnownFileType = sourcecode.swift; path = FavoritesCoordinator.swift; sourceTree = "<group>"; };
		59CB51EF28A88DAE001CC061 /* SearchResultsCoordinator.swift */ = {isa = PBXFileReference; lastKnownFileType = sourcecode.swift; path = SearchResultsCoordinator.swift; sourceTree = "<group>"; };
		59CB51F128A88E1E001CC061 /* DetailsCoordinator.swift */ = {isa = PBXFileReference; lastKnownFileType = sourcecode.swift; path = DetailsCoordinator.swift; sourceTree = "<group>"; };
		59CB51F328A88E55001CC061 /* DirectionsCoordinator.swift */ = {isa = PBXFileReference; lastKnownFileType = sourcecode.swift; path = DirectionsCoordinator.swift; sourceTree = "<group>"; };
		59CB51F628A890DE001CC061 /* SearchViewController.swift */ = {isa = PBXFileReference; lastKnownFileType = sourcecode.swift; path = SearchViewController.swift; sourceTree = "<group>"; };
		59CB51F928A891CD001CC061 /* FavoritesViewController.swift */ = {isa = PBXFileReference; lastKnownFileType = sourcecode.swift; path = FavoritesViewController.swift; sourceTree = "<group>"; };
		59CB51FE28A893A6001CC061 /* SearchResultsViewController.swift */ = {isa = PBXFileReference; lastKnownFileType = sourcecode.swift; path = SearchResultsViewController.swift; sourceTree = "<group>"; };
		59CB520028A893C7001CC061 /* DetailsViewController.swift */ = {isa = PBXFileReference; lastKnownFileType = sourcecode.swift; path = DetailsViewController.swift; sourceTree = "<group>"; };
		59CB520228A893CF001CC061 /* DirectionsViewController.swift */ = {isa = PBXFileReference; lastKnownFileType = sourcecode.swift; path = DirectionsViewController.swift; sourceTree = "<group>"; };
		59CB520528A89876001CC061 /* ViewBuilder.swift */ = {isa = PBXFileReference; lastKnownFileType = sourcecode.swift; path = ViewBuilder.swift; sourceTree = "<group>"; };
		59CB520728A898DE001CC061 /* StackViewBuilder.swift */ = {isa = PBXFileReference; lastKnownFileType = sourcecode.swift; path = StackViewBuilder.swift; sourceTree = "<group>"; };
		59CB520928A89931001CC061 /* LabelBuilder.swift */ = {isa = PBXFileReference; lastKnownFileType = sourcecode.swift; path = LabelBuilder.swift; sourceTree = "<group>"; };
		59CB520B28A89990001CC061 /* TextFieldBuilder.swift */ = {isa = PBXFileReference; lastKnownFileType = sourcecode.swift; path = TextFieldBuilder.swift; sourceTree = "<group>"; };
		59CB520D28A899D2001CC061 /* TableViewBuilder.swift */ = {isa = PBXFileReference; lastKnownFileType = sourcecode.swift; path = TableViewBuilder.swift; sourceTree = "<group>"; };
		59CB520F28A899E9001CC061 /* ButtonBuilder.swift */ = {isa = PBXFileReference; lastKnownFileType = sourcecode.swift; path = ButtonBuilder.swift; sourceTree = "<group>"; };
		59CB521228A89DBD001CC061 /* SearchViewModel.swift */ = {isa = PBXFileReference; lastKnownFileType = sourcecode.swift; path = SearchViewModel.swift; sourceTree = "<group>"; };
		59CB521528A8A2E3001CC061 /* String+Capitals.swift */ = {isa = PBXFileReference; lastKnownFileType = sourcecode.swift; path = "String+Capitals.swift"; sourceTree = "<group>"; };
		59CB521828A8A752001CC061 /* FavoritesViewModel.swift */ = {isa = PBXFileReference; lastKnownFileType = sourcecode.swift; path = FavoritesViewModel.swift; sourceTree = "<group>"; };
		59CB521A28A921EA001CC061 /* UIViewController+Alerts.swift */ = {isa = PBXFileReference; lastKnownFileType = sourcecode.swift; path = "UIViewController+Alerts.swift"; sourceTree = "<group>"; };
		59CB521C28A92286001CC061 /* String+Trimming.swift */ = {isa = PBXFileReference; lastKnownFileType = sourcecode.swift; path = "String+Trimming.swift"; sourceTree = "<group>"; };
		59CB521F28A93128001CC061 /* SearchResultsViewModel.swift */ = {isa = PBXFileReference; lastKnownFileType = sourcecode.swift; path = SearchResultsViewModel.swift; sourceTree = "<group>"; };
/* End PBXFileReference section */

/* Begin PBXFrameworksBuildPhase section */
		59CB51C428A82C82001CC061 /* Frameworks */ = {
			isa = PBXFrameworksBuildPhase;
			buildActionMask = 2147483647;
			files = (
			);
			runOnlyForDeploymentPostprocessing = 0;
		};
/* End PBXFrameworksBuildPhase section */

/* Begin PBXGroup section */
		59CB51BE28A82C82001CC061 = {
			isa = PBXGroup;
			children = (
				59CB51C928A82C82001CC061 /* OC-P10-Reciplease */,
				59CB51C828A82C82001CC061 /* Products */,
			);
			sourceTree = "<group>";
		};
		59CB51C828A82C82001CC061 /* Products */ = {
			isa = PBXGroup;
			children = (
				59CB51C728A82C82001CC061 /* OC-P10-Reciplease.app */,
			);
			name = Products;
			sourceTree = "<group>";
		};
		59CB51C928A82C82001CC061 /* OC-P10-Reciplease */ = {
			isa = PBXGroup;
			children = (
				59CB51DE28A85DF1001CC061 /* App Delegates */,
				59CB51E328A889F1001CC061 /* Coordinator */,
				59CB51EE28A88BAC001CC061 /* View Controllers */,
				59CB520428A8985C001CC061 /* Builders */,
				59CB521428A8A2D2001CC061 /* Extensions */,
				59CB51E228A86AA9001CC061 /* Supporting Files */,
			);
			path = "OC-P10-Reciplease";
			sourceTree = "<group>";
		};
		59CB51DE28A85DF1001CC061 /* App Delegates */ = {
			isa = PBXGroup;
			children = (
				59CB51CA28A82C82001CC061 /* AppDelegate.swift */,
			);
			path = "App Delegates";
			sourceTree = "<group>";
		};
		59CB51E228A86AA9001CC061 /* Supporting Files */ = {
			isa = PBXGroup;
			children = (
				59CB51D328A82C83001CC061 /* Assets.xcassets */,
				59CB51D528A82C83001CC061 /* LaunchScreen.storyboard */,
				59CB51DF28A86939001CC061 /* Info.plist */,
			);
			path = "Supporting Files";
			sourceTree = "<group>";
		};
		59CB51E328A889F1001CC061 /* Coordinator */ = {
			isa = PBXGroup;
			children = (
				59CB51E428A88A36001CC061 /* Coordinator.swift */,
				59CB51E628A88A57001CC061 /* App Coordinator */,
				59CB51E928A88AE4001CC061 /* Child Coordinators */,
			);
			path = Coordinator;
			sourceTree = "<group>";
		};
		59CB51E628A88A57001CC061 /* App Coordinator */ = {
			isa = PBXGroup;
			children = (
				59CB51E728A88AC0001CC061 /* AppCoordinator.swift */,
			);
			path = "App Coordinator";
			sourceTree = "<group>";
		};
		59CB51E928A88AE4001CC061 /* Child Coordinators */ = {
			isa = PBXGroup;
			children = (
				59CB51EA28A88B15001CC061 /* SearchCoordinator.swift */,
				59CB51EF28A88DAE001CC061 /* SearchResultsCoordinator.swift */,
				59CB51F128A88E1E001CC061 /* DetailsCoordinator.swift */,
				59CB51F328A88E55001CC061 /* DirectionsCoordinator.swift */,
				59CB51EC28A88B51001CC061 /* FavoritesCoordinator.swift */,
			);
			path = "Child Coordinators";
			sourceTree = "<group>";
		};
		59CB51EE28A88BAC001CC061 /* View Controllers */ = {
			isa = PBXGroup;
			children = (
				59CB51CE28A82C82001CC061 /* NavigationController.swift */,
				59CB51F528A890C5001CC061 /* Search View Controller */,
				59CB51FB28A8930C001CC061 /* Search Results View Controller */,
				59CB51FC28A89318001CC061 /* Details View Controller */,
				59CB51FD28A89321001CC061 /* Directions View Controller */,
				59CB51F828A8919F001CC061 /* Favorites View Controller */,
			);
			path = "View Controllers";
			sourceTree = "<group>";
		};
		59CB51F528A890C5001CC061 /* Search View Controller */ = {
			isa = PBXGroup;
			children = (
				59CB51F628A890DE001CC061 /* SearchViewController.swift */,
				59CB521128A89DAE001CC061 /* View Models */,
			);
			path = "Search View Controller";
			sourceTree = "<group>";
		};
		59CB51F828A8919F001CC061 /* Favorites View Controller */ = {
			isa = PBXGroup;
			children = (
				59CB51F928A891CD001CC061 /* FavoritesViewController.swift */,
				59CB521728A8A6F4001CC061 /* View Models */,
			);
			path = "Favorites View Controller";
			sourceTree = "<group>";
		};
		59CB51FB28A8930C001CC061 /* Search Results View Controller */ = {
			isa = PBXGroup;
			children = (
				59CB51FE28A893A6001CC061 /* SearchResultsViewController.swift */,
				59CB521E28A93105001CC061 /* View Models */,
			);
			path = "Search Results View Controller";
			sourceTree = "<group>";
		};
		59CB51FC28A89318001CC061 /* Details View Controller */ = {
			isa = PBXGroup;
			children = (
				59CB520028A893C7001CC061 /* DetailsViewController.swift */,
			);
			path = "Details View Controller";
			sourceTree = "<group>";
		};
		59CB51FD28A89321001CC061 /* Directions View Controller */ = {
			isa = PBXGroup;
			children = (
				59CB520228A893CF001CC061 /* DirectionsViewController.swift */,
			);
			path = "Directions View Controller";
			sourceTree = "<group>";
		};
		59CB520428A8985C001CC061 /* Builders */ = {
			isa = PBXGroup;
			children = (
				59CB520528A89876001CC061 /* ViewBuilder.swift */,
				59CB520728A898DE001CC061 /* StackViewBuilder.swift */,
				59CB520928A89931001CC061 /* LabelBuilder.swift */,
				59CB520B28A89990001CC061 /* TextFieldBuilder.swift */,
				59CB520D28A899D2001CC061 /* TableViewBuilder.swift */,
				59CB520F28A899E9001CC061 /* ButtonBuilder.swift */,
			);
			path = Builders;
			sourceTree = "<group>";
		};
		59CB521128A89DAE001CC061 /* View Models */ = {
			isa = PBXGroup;
			children = (
				59CB521228A89DBD001CC061 /* SearchViewModel.swift */,
			);
			path = "View Models";
			sourceTree = "<group>";
		};
		59CB521428A8A2D2001CC061 /* Extensions */ = {
			isa = PBXGroup;
			children = (
				59CB521528A8A2E3001CC061 /* String+Capitals.swift */,
				59CB521A28A921EA001CC061 /* UIViewController+Alerts.swift */,
				59CB521C28A92286001CC061 /* String+Trimming.swift */,
			);
			path = Extensions;
			sourceTree = "<group>";
		};
		59CB521728A8A6F4001CC061 /* View Models */ = {
			isa = PBXGroup;
			children = (
				59CB521828A8A752001CC061 /* FavoritesViewModel.swift */,
			);
			path = "View Models";
			sourceTree = "<group>";
		};
		59CB521E28A93105001CC061 /* View Models */ = {
			isa = PBXGroup;
			children = (
				59CB521F28A93128001CC061 /* SearchResultsViewModel.swift */,
			);
			path = "View Models";
			sourceTree = "<group>";
		};
/* End PBXGroup section */

/* Begin PBXNativeTarget section */
		59CB51C628A82C82001CC061 /* OC-P10-Reciplease */ = {
			isa = PBXNativeTarget;
			buildConfigurationList = 59CB51DB28A82C83001CC061 /* Build configuration list for PBXNativeTarget "OC-P10-Reciplease" */;
			buildPhases = (
				59CB51C328A82C82001CC061 /* Sources */,
				59CB51C428A82C82001CC061 /* Frameworks */,
				59CB51C528A82C82001CC061 /* Resources */,
			);
			buildRules = (
			);
			dependencies = (
			);
			name = "OC-P10-Reciplease";
			productName = "OC-P10-Reciplease";
			productReference = 59CB51C728A82C82001CC061 /* OC-P10-Reciplease.app */;
			productType = "com.apple.product-type.application";
		};
/* End PBXNativeTarget section */

/* Begin PBXProject section */
		59CB51BF28A82C82001CC061 /* Project object */ = {
			isa = PBXProject;
			attributes = {
				BuildIndependentTargetsInParallel = 1;
				LastSwiftUpdateCheck = 1340;
				LastUpgradeCheck = 1340;
				TargetAttributes = {
					59CB51C628A82C82001CC061 = {
						CreatedOnToolsVersion = 13.4.1;
					};
				};
			};
			buildConfigurationList = 59CB51C228A82C82001CC061 /* Build configuration list for PBXProject "OC-P10-Reciplease" */;
			compatibilityVersion = "Xcode 13.0";
			developmentRegion = en;
			hasScannedForEncodings = 0;
			knownRegions = (
				en,
				Base,
			);
			mainGroup = 59CB51BE28A82C82001CC061;
			productRefGroup = 59CB51C828A82C82001CC061 /* Products */;
			projectDirPath = "";
			projectRoot = "";
			targets = (
				59CB51C628A82C82001CC061 /* OC-P10-Reciplease */,
			);
		};
/* End PBXProject section */

/* Begin PBXResourcesBuildPhase section */
		59CB51C528A82C82001CC061 /* Resources */ = {
			isa = PBXResourcesBuildPhase;
			buildActionMask = 2147483647;
			files = (
				59CB51D728A82C83001CC061 /* LaunchScreen.storyboard in Resources */,
				59CB51D428A82C83001CC061 /* Assets.xcassets in Resources */,
			);
			runOnlyForDeploymentPostprocessing = 0;
		};
/* End PBXResourcesBuildPhase section */

/* Begin PBXSourcesBuildPhase section */
		59CB51C328A82C82001CC061 /* Sources */ = {
			isa = PBXSourcesBuildPhase;
			buildActionMask = 2147483647;
			files = (
				59CB51F728A890DE001CC061 /* SearchViewController.swift in Sources */,
				59CB520C28A89990001CC061 /* TextFieldBuilder.swift in Sources */,
				59CB51FF28A893A6001CC061 /* SearchResultsViewController.swift in Sources */,
				59CB522028A93128001CC061 /* SearchResultsViewModel.swift in Sources */,
				59CB51F028A88DAE001CC061 /* SearchResultsCoordinator.swift in Sources */,
				59CB51E828A88AC0001CC061 /* AppCoordinator.swift in Sources */,
				59CB51F428A88E55001CC061 /* DirectionsCoordinator.swift in Sources */,
				59CB51EB28A88B15001CC061 /* SearchCoordinator.swift in Sources */,
				59CB51CF28A82C82001CC061 /* NavigationController.swift in Sources */,
				59CB51FA28A891CD001CC061 /* FavoritesViewController.swift in Sources */,
				59CB520628A89876001CC061 /* ViewBuilder.swift in Sources */,
				59CB520828A898DE001CC061 /* StackViewBuilder.swift in Sources */,
				59CB51CB28A82C82001CC061 /* AppDelegate.swift in Sources */,
				59CB520E28A899D2001CC061 /* TableViewBuilder.swift in Sources */,
				59CB51F228A88E1E001CC061 /* DetailsCoordinator.swift in Sources */,
				59CB520A28A89931001CC061 /* LabelBuilder.swift in Sources */,
				59CB521628A8A2E3001CC061 /* String+Capitals.swift in Sources */,
				59CB521328A89DBD001CC061 /* SearchViewModel.swift in Sources */,
				59CB521D28A92286001CC061 /* String+Trimming.swift in Sources */,
				59CB51ED28A88B51001CC061 /* FavoritesCoordinator.swift in Sources */,
				59CB520128A893C7001CC061 /* DetailsViewController.swift in Sources */,
				59CB521B28A921EA001CC061 /* UIViewController+Alerts.swift in Sources */,
				59CB521028A899E9001CC061 /* ButtonBuilder.swift in Sources */,
				59CB521928A8A752001CC061 /* FavoritesViewModel.swift in Sources */,
				59CB520328A893CF001CC061 /* DirectionsViewController.swift in Sources */,
				59CB51E528A88A36001CC061 /* Coordinator.swift in Sources */,
			);
			runOnlyForDeploymentPostprocessing = 0;
		};
/* End PBXSourcesBuildPhase section */

/* Begin PBXVariantGroup section */
		59CB51D528A82C83001CC061 /* LaunchScreen.storyboard */ = {
			isa = PBXVariantGroup;
			children = (
				59CB51D628A82C83001CC061 /* Base */,
			);
			name = LaunchScreen.storyboard;
			sourceTree = "<group>";
		};
/* End PBXVariantGroup section */

/* Begin XCBuildConfiguration section */
		59CB51D928A82C83001CC061 /* Debug */ = {
			isa = XCBuildConfiguration;
			buildSettings = {
				ALWAYS_SEARCH_USER_PATHS = NO;
				CLANG_ANALYZER_NONNULL = YES;
				CLANG_ANALYZER_NUMBER_OBJECT_CONVERSION = YES_AGGRESSIVE;
				CLANG_CXX_LANGUAGE_STANDARD = "gnu++17";
				CLANG_ENABLE_MODULES = YES;
				CLANG_ENABLE_OBJC_ARC = YES;
				CLANG_ENABLE_OBJC_WEAK = YES;
				CLANG_WARN_BLOCK_CAPTURE_AUTORELEASING = YES;
				CLANG_WARN_BOOL_CONVERSION = YES;
				CLANG_WARN_COMMA = YES;
				CLANG_WARN_CONSTANT_CONVERSION = YES;
				CLANG_WARN_DEPRECATED_OBJC_IMPLEMENTATIONS = YES;
				CLANG_WARN_DIRECT_OBJC_ISA_USAGE = YES_ERROR;
				CLANG_WARN_DOCUMENTATION_COMMENTS = YES;
				CLANG_WARN_EMPTY_BODY = YES;
				CLANG_WARN_ENUM_CONVERSION = YES;
				CLANG_WARN_INFINITE_RECURSION = YES;
				CLANG_WARN_INT_CONVERSION = YES;
				CLANG_WARN_NON_LITERAL_NULL_CONVERSION = YES;
				CLANG_WARN_OBJC_IMPLICIT_RETAIN_SELF = YES;
				CLANG_WARN_OBJC_LITERAL_CONVERSION = YES;
				CLANG_WARN_OBJC_ROOT_CLASS = YES_ERROR;
				CLANG_WARN_QUOTED_INCLUDE_IN_FRAMEWORK_HEADER = YES;
				CLANG_WARN_RANGE_LOOP_ANALYSIS = YES;
				CLANG_WARN_STRICT_PROTOTYPES = YES;
				CLANG_WARN_SUSPICIOUS_MOVE = YES;
				CLANG_WARN_UNGUARDED_AVAILABILITY = YES_AGGRESSIVE;
				CLANG_WARN_UNREACHABLE_CODE = YES;
				CLANG_WARN__DUPLICATE_METHOD_MATCH = YES;
				COPY_PHASE_STRIP = NO;
				DEBUG_INFORMATION_FORMAT = dwarf;
				ENABLE_STRICT_OBJC_MSGSEND = YES;
				ENABLE_TESTABILITY = YES;
				GCC_C_LANGUAGE_STANDARD = gnu11;
				GCC_DYNAMIC_NO_PIC = NO;
				GCC_NO_COMMON_BLOCKS = YES;
				GCC_OPTIMIZATION_LEVEL = 0;
				GCC_PREPROCESSOR_DEFINITIONS = (
					"DEBUG=1",
					"$(inherited)",
				);
				GCC_WARN_64_TO_32_BIT_CONVERSION = YES;
				GCC_WARN_ABOUT_RETURN_TYPE = YES_ERROR;
				GCC_WARN_UNDECLARED_SELECTOR = YES;
				GCC_WARN_UNINITIALIZED_AUTOS = YES_AGGRESSIVE;
				GCC_WARN_UNUSED_FUNCTION = YES;
				GCC_WARN_UNUSED_VARIABLE = YES;
				IPHONEOS_DEPLOYMENT_TARGET = 15.5;
				MTL_ENABLE_DEBUG_INFO = INCLUDE_SOURCE;
				MTL_FAST_MATH = YES;
				ONLY_ACTIVE_ARCH = YES;
				SDKROOT = iphoneos;
				SWIFT_ACTIVE_COMPILATION_CONDITIONS = DEBUG;
				SWIFT_OPTIMIZATION_LEVEL = "-Onone";
			};
			name = Debug;
		};
		59CB51DA28A82C83001CC061 /* Release */ = {
			isa = XCBuildConfiguration;
			buildSettings = {
				ALWAYS_SEARCH_USER_PATHS = NO;
				CLANG_ANALYZER_NONNULL = YES;
				CLANG_ANALYZER_NUMBER_OBJECT_CONVERSION = YES_AGGRESSIVE;
				CLANG_CXX_LANGUAGE_STANDARD = "gnu++17";
				CLANG_ENABLE_MODULES = YES;
				CLANG_ENABLE_OBJC_ARC = YES;
				CLANG_ENABLE_OBJC_WEAK = YES;
				CLANG_WARN_BLOCK_CAPTURE_AUTORELEASING = YES;
				CLANG_WARN_BOOL_CONVERSION = YES;
				CLANG_WARN_COMMA = YES;
				CLANG_WARN_CONSTANT_CONVERSION = YES;
				CLANG_WARN_DEPRECATED_OBJC_IMPLEMENTATIONS = YES;
				CLANG_WARN_DIRECT_OBJC_ISA_USAGE = YES_ERROR;
				CLANG_WARN_DOCUMENTATION_COMMENTS = YES;
				CLANG_WARN_EMPTY_BODY = YES;
				CLANG_WARN_ENUM_CONVERSION = YES;
				CLANG_WARN_INFINITE_RECURSION = YES;
				CLANG_WARN_INT_CONVERSION = YES;
				CLANG_WARN_NON_LITERAL_NULL_CONVERSION = YES;
				CLANG_WARN_OBJC_IMPLICIT_RETAIN_SELF = YES;
				CLANG_WARN_OBJC_LITERAL_CONVERSION = YES;
				CLANG_WARN_OBJC_ROOT_CLASS = YES_ERROR;
				CLANG_WARN_QUOTED_INCLUDE_IN_FRAMEWORK_HEADER = YES;
				CLANG_WARN_RANGE_LOOP_ANALYSIS = YES;
				CLANG_WARN_STRICT_PROTOTYPES = YES;
				CLANG_WARN_SUSPICIOUS_MOVE = YES;
				CLANG_WARN_UNGUARDED_AVAILABILITY = YES_AGGRESSIVE;
				CLANG_WARN_UNREACHABLE_CODE = YES;
				CLANG_WARN__DUPLICATE_METHOD_MATCH = YES;
				COPY_PHASE_STRIP = NO;
				DEBUG_INFORMATION_FORMAT = "dwarf-with-dsym";
				ENABLE_NS_ASSERTIONS = NO;
				ENABLE_STRICT_OBJC_MSGSEND = YES;
				GCC_C_LANGUAGE_STANDARD = gnu11;
				GCC_NO_COMMON_BLOCKS = YES;
				GCC_WARN_64_TO_32_BIT_CONVERSION = YES;
				GCC_WARN_ABOUT_RETURN_TYPE = YES_ERROR;
				GCC_WARN_UNDECLARED_SELECTOR = YES;
				GCC_WARN_UNINITIALIZED_AUTOS = YES_AGGRESSIVE;
				GCC_WARN_UNUSED_FUNCTION = YES;
				GCC_WARN_UNUSED_VARIABLE = YES;
				IPHONEOS_DEPLOYMENT_TARGET = 15.5;
				MTL_ENABLE_DEBUG_INFO = NO;
				MTL_FAST_MATH = YES;
				SDKROOT = iphoneos;
				SWIFT_COMPILATION_MODE = wholemodule;
				SWIFT_OPTIMIZATION_LEVEL = "-O";
				VALIDATE_PRODUCT = YES;
			};
			name = Release;
		};
		59CB51DC28A82C83001CC061 /* Debug */ = {
			isa = XCBuildConfiguration;
			buildSettings = {
				ALWAYS_EMBED_SWIFT_STANDARD_LIBRARIES = YES;
				ASSETCATALOG_COMPILER_APPICON_NAME = AppIcon;
				ASSETCATALOG_COMPILER_GLOBAL_ACCENT_COLOR_NAME = AccentColor;
				CODE_SIGN_STYLE = Automatic;
				CURRENT_PROJECT_VERSION = 1;
				DEVELOPMENT_TEAM = S25TANK5XP;
				GENERATE_INFOPLIST_FILE = YES;
				INFOPLIST_FILE = "OC-P10-Reciplease/Supporting Files/Info.plist";
				INFOPLIST_KEY_UIApplicationSupportsIndirectInputEvents = YES;
				INFOPLIST_KEY_UILaunchStoryboardName = LaunchScreen;
				INFOPLIST_KEY_UISupportedInterfaceOrientations_iPad = "UIInterfaceOrientationPortrait UIInterfaceOrientationPortraitUpsideDown UIInterfaceOrientationLandscapeLeft UIInterfaceOrientationLandscapeRight";
				INFOPLIST_KEY_UISupportedInterfaceOrientations_iPhone = "UIInterfaceOrientationPortrait UIInterfaceOrientationLandscapeLeft UIInterfaceOrientationLandscapeRight";
				LD_RUNPATH_SEARCH_PATHS = (
					"$(inherited)",
					"@executable_path/Frameworks",
				);
				MARKETING_VERSION = 1.0;
				PRODUCT_BUNDLE_IDENTIFIER = "adpiscinam.OC-P10-Reciplease";
				PRODUCT_NAME = "$(TARGET_NAME)";
				SWIFT_EMIT_LOC_STRINGS = YES;
				SWIFT_VERSION = 5.0;
				TARGETED_DEVICE_FAMILY = 1;
			};
			name = Debug;
		};
		59CB51DD28A82C83001CC061 /* Release */ = {
			isa = XCBuildConfiguration;
			buildSettings = {
				ALWAYS_EMBED_SWIFT_STANDARD_LIBRARIES = YES;
				ASSETCATALOG_COMPILER_APPICON_NAME = AppIcon;
				ASSETCATALOG_COMPILER_GLOBAL_ACCENT_COLOR_NAME = AccentColor;
				CODE_SIGN_STYLE = Automatic;
				CURRENT_PROJECT_VERSION = 1;
				DEVELOPMENT_TEAM = S25TANK5XP;
				GENERATE_INFOPLIST_FILE = YES;
				INFOPLIST_FILE = "OC-P10-Reciplease/Supporting Files/Info.plist";
				INFOPLIST_KEY_UIApplicationSupportsIndirectInputEvents = YES;
				INFOPLIST_KEY_UILaunchStoryboardName = LaunchScreen;
				INFOPLIST_KEY_UISupportedInterfaceOrientations_iPad = "UIInterfaceOrientationPortrait UIInterfaceOrientationPortraitUpsideDown UIInterfaceOrientationLandscapeLeft UIInterfaceOrientationLandscapeRight";
				INFOPLIST_KEY_UISupportedInterfaceOrientations_iPhone = "UIInterfaceOrientationPortrait UIInterfaceOrientationLandscapeLeft UIInterfaceOrientationLandscapeRight";
				LD_RUNPATH_SEARCH_PATHS = (
					"$(inherited)",
					"@executable_path/Frameworks",
				);
				MARKETING_VERSION = 1.0;
				PRODUCT_BUNDLE_IDENTIFIER = "adpiscinam.OC-P10-Reciplease";
				PRODUCT_NAME = "$(TARGET_NAME)";
				SWIFT_EMIT_LOC_STRINGS = YES;
				SWIFT_VERSION = 5.0;
				TARGETED_DEVICE_FAMILY = 1;
			};
			name = Release;
		};
/* End XCBuildConfiguration section */

/* Begin XCConfigurationList section */
		59CB51C228A82C82001CC061 /* Build configuration list for PBXProject "OC-P10-Reciplease" */ = {
			isa = XCConfigurationList;
			buildConfigurations = (
				59CB51D928A82C83001CC061 /* Debug */,
				59CB51DA28A82C83001CC061 /* Release */,
			);
			defaultConfigurationIsVisible = 0;
			defaultConfigurationName = Release;
		};
		59CB51DB28A82C83001CC061 /* Build configuration list for PBXNativeTarget "OC-P10-Reciplease" */ = {
			isa = XCConfigurationList;
			buildConfigurations = (
				59CB51DC28A82C83001CC061 /* Debug */,
				59CB51DD28A82C83001CC061 /* Release */,
			);
			defaultConfigurationIsVisible = 0;
			defaultConfigurationName = Release;
		};
/* End XCConfigurationList section */
	};
	rootObject = 59CB51BF28A82C82001CC061 /* Project object */;
}
