// !$*UTF8*$!
{
	archiveVersion = 1;
	classes = {
	};
	objectVersion = 55;
	objects = {

/* Begin PBXBuildFile section */
		590CB05C28AC9A6C00CD847E /* MockRecipesNetwork.swift in Sources */ = {isa = PBXBuildFile; fileRef = 590CB05B28AC9A6C00CD847E /* MockRecipesNetwork.swift */; };
		590CB06028AC9AB500CD847E /* ServiceError.swift in Sources */ = {isa = PBXBuildFile; fileRef = 590CB05F28AC9AB500CD847E /* ServiceError.swift */; };
		590CB06228AC9AEC00CD847E /* Data+Extensions.swift in Sources */ = {isa = PBXBuildFile; fileRef = 590CB06128AC9AEC00CD847E /* Data+Extensions.swift */; };
		590CB06628ACCCA700CD847E /* FakeRecipesData.json in Resources */ = {isa = PBXBuildFile; fileRef = 590CB06428ACCCA700CD847E /* FakeRecipesData.json */; };
		590CB06728ACCCA700CD847E /* FakeCodeBarData.json in Resources */ = {isa = PBXBuildFile; fileRef = 590CB06528ACCCA700CD847E /* FakeCodeBarData.json */; };
		590CB06928ACCDD100CD847E /* RecipesResponseTests.swift in Sources */ = {isa = PBXBuildFile; fileRef = 590CB06828ACCDD100CD847E /* RecipesResponseTests.swift */; };
		590CB06B28ACCDF400CD847E /* DecodableTestCase.swift in Sources */ = {isa = PBXBuildFile; fileRef = 590CB06A28ACCDF400CD847E /* DecodableTestCase.swift */; };
		5916428B28B584C000AB6876 /* SearchVMTests.swift in Sources */ = {isa = PBXBuildFile; fileRef = 5916428A28B584C000AB6876 /* SearchVMTests.swift */; };
		5916428E28B5882E00AB6876 /* MockProductsNetwork.swift in Sources */ = {isa = PBXBuildFile; fileRef = 5916428D28B5882E00AB6876 /* MockProductsNetwork.swift */; };
		5916429028B5916800AB6876 /* ProductsResponseTests.swift in Sources */ = {isa = PBXBuildFile; fileRef = 5916428F28B5916800AB6876 /* ProductsResponseTests.swift */; };
		5916429228B596AC00AB6876 /* ProductsAPINetworkTests.swift in Sources */ = {isa = PBXBuildFile; fileRef = 5916429128B596AC00AB6876 /* ProductsAPINetworkTests.swift */; };
		5916429428B5A6E700AB6876 /* RecipesAPINetworkTests.swift in Sources */ = {isa = PBXBuildFile; fileRef = 5916429328B5A6E700AB6876 /* RecipesAPINetworkTests.swift */; };
		5916429728B5C4E900AB6876 /* DetailsVMTests.swift in Sources */ = {isa = PBXBuildFile; fileRef = 5916429628B5C4E900AB6876 /* DetailsVMTests.swift */; };
		5916429A28B5C8E400AB6876 /* FavoritesVMTests.swift in Sources */ = {isa = PBXBuildFile; fileRef = 5916429928B5C8E400AB6876 /* FavoritesVMTests.swift */; };
		59729B0728AAD4A900D3F642 /* CameraViewController.swift in Sources */ = {isa = PBXBuildFile; fileRef = 59729B0628AAD4A900D3F642 /* CameraViewController.swift */; };
		59729B0928AAD5E000D3F642 /* ProductsNetwork.swift in Sources */ = {isa = PBXBuildFile; fileRef = 59729B0828AAD5E000D3F642 /* ProductsNetwork.swift */; };
		59729B0B28AAD5FC00D3F642 /* ProductsResponse.swift in Sources */ = {isa = PBXBuildFile; fileRef = 59729B0A28AAD5FC00D3F642 /* ProductsResponse.swift */; };
		59729B0D28AAD64900D3F642 /* ProductsNetworkType.swift in Sources */ = {isa = PBXBuildFile; fileRef = 59729B0C28AAD64900D3F642 /* ProductsNetworkType.swift */; };
		59729B0F28AAD69500D3F642 /* UIViewController+EndEditing.swift in Sources */ = {isa = PBXBuildFile; fileRef = 59729B0E28AAD69500D3F642 /* UIViewController+EndEditing.swift */; };
		59729B1228AAD6CD00D3F642 /* QuickActionHandler.swift in Sources */ = {isa = PBXBuildFile; fileRef = 59729B1128AAD6CD00D3F642 /* QuickActionHandler.swift */; };
		59729B1528AB199200D3F642 /* Recipe+CoreDataProperties.swift in Sources */ = {isa = PBXBuildFile; fileRef = 59729B1328AB199100D3F642 /* Recipe+CoreDataProperties.swift */; };
		59729B1628AB199200D3F642 /* Recipe+CoreDataClass.swift in Sources */ = {isa = PBXBuildFile; fileRef = 59729B1428AB199200D3F642 /* Recipe+CoreDataClass.swift */; };
		59C4763428AC91DB005266F4 /* SearchResultsVMTests.swift in Sources */ = {isa = PBXBuildFile; fileRef = 59C4763328AC91DB005266F4 /* SearchResultsVMTests.swift */; };
		59CB51CB28A82C82001CC061 /* AppDelegate.swift in Sources */ = {isa = PBXBuildFile; fileRef = 59CB51CA28A82C82001CC061 /* AppDelegate.swift */; };
		59CB51CF28A82C82001CC061 /* NavigationController.swift in Sources */ = {isa = PBXBuildFile; fileRef = 59CB51CE28A82C82001CC061 /* NavigationController.swift */; };
		59CB51D428A82C83001CC061 /* Assets.xcassets in Resources */ = {isa = PBXBuildFile; fileRef = 59CB51D328A82C83001CC061 /* Assets.xcassets */; };
		59CB51D728A82C83001CC061 /* LaunchScreen.storyboard in Resources */ = {isa = PBXBuildFile; fileRef = 59CB51D528A82C83001CC061 /* LaunchScreen.storyboard */; };
		59CB51E528A88A36001CC061 /* Coordinator.swift in Sources */ = {isa = PBXBuildFile; fileRef = 59CB51E428A88A36001CC061 /* Coordinator.swift */; };
		59CB51E828A88AC0001CC061 /* AppCoordinator.swift in Sources */ = {isa = PBXBuildFile; fileRef = 59CB51E728A88AC0001CC061 /* AppCoordinator.swift */; };
		59CB51EB28A88B15001CC061 /* SearchCoordinator.swift in Sources */ = {isa = PBXBuildFile; fileRef = 59CB51EA28A88B15001CC061 /* SearchCoordinator.swift */; };
		59CB51ED28A88B51001CC061 /* FavoritesCoordinator.swift in Sources */ = {isa = PBXBuildFile; fileRef = 59CB51EC28A88B51001CC061 /* FavoritesCoordinator.swift */; };
		59CB51F028A88DAE001CC061 /* SearchResultsCoordinator.swift in Sources */ = {isa = PBXBuildFile; fileRef = 59CB51EF28A88DAE001CC061 /* SearchResultsCoordinator.swift */; };
		59CB51F228A88E1E001CC061 /* DetailsCoordinator.swift in Sources */ = {isa = PBXBuildFile; fileRef = 59CB51F128A88E1E001CC061 /* DetailsCoordinator.swift */; };
		59CB51F428A88E55001CC061 /* DirectionsCoordinator.swift in Sources */ = {isa = PBXBuildFile; fileRef = 59CB51F328A88E55001CC061 /* DirectionsCoordinator.swift */; };
		59CB51F728A890DE001CC061 /* SearchViewController.swift in Sources */ = {isa = PBXBuildFile; fileRef = 59CB51F628A890DE001CC061 /* SearchViewController.swift */; };
		59CB51FA28A891CD001CC061 /* FavoritesViewController.swift in Sources */ = {isa = PBXBuildFile; fileRef = 59CB51F928A891CD001CC061 /* FavoritesViewController.swift */; };
		59CB51FF28A893A6001CC061 /* SearchResultsViewController.swift in Sources */ = {isa = PBXBuildFile; fileRef = 59CB51FE28A893A6001CC061 /* SearchResultsViewController.swift */; };
		59CB520128A893C7001CC061 /* DetailsViewController.swift in Sources */ = {isa = PBXBuildFile; fileRef = 59CB520028A893C7001CC061 /* DetailsViewController.swift */; };
		59CB520328A893CF001CC061 /* DirectionsViewController.swift in Sources */ = {isa = PBXBuildFile; fileRef = 59CB520228A893CF001CC061 /* DirectionsViewController.swift */; };
		59CB520628A89876001CC061 /* ViewBuilder.swift in Sources */ = {isa = PBXBuildFile; fileRef = 59CB520528A89876001CC061 /* ViewBuilder.swift */; };
		59CB520828A898DE001CC061 /* StackViewBuilder.swift in Sources */ = {isa = PBXBuildFile; fileRef = 59CB520728A898DE001CC061 /* StackViewBuilder.swift */; };
		59CB520A28A89931001CC061 /* LabelBuilder.swift in Sources */ = {isa = PBXBuildFile; fileRef = 59CB520928A89931001CC061 /* LabelBuilder.swift */; };
		59CB520C28A89990001CC061 /* TextFieldBuilder.swift in Sources */ = {isa = PBXBuildFile; fileRef = 59CB520B28A89990001CC061 /* TextFieldBuilder.swift */; };
		59CB520E28A899D2001CC061 /* TableViewBuilder.swift in Sources */ = {isa = PBXBuildFile; fileRef = 59CB520D28A899D2001CC061 /* TableViewBuilder.swift */; };
		59CB521028A899E9001CC061 /* ButtonBuilder.swift in Sources */ = {isa = PBXBuildFile; fileRef = 59CB520F28A899E9001CC061 /* ButtonBuilder.swift */; };
		59CB521328A89DBD001CC061 /* SearchViewModel.swift in Sources */ = {isa = PBXBuildFile; fileRef = 59CB521228A89DBD001CC061 /* SearchViewModel.swift */; };
		59CB521628A8A2E3001CC061 /* String+Capitals.swift in Sources */ = {isa = PBXBuildFile; fileRef = 59CB521528A8A2E3001CC061 /* String+Capitals.swift */; };
		59CB521928A8A752001CC061 /* FavoritesViewModel.swift in Sources */ = {isa = PBXBuildFile; fileRef = 59CB521828A8A752001CC061 /* FavoritesViewModel.swift */; };
		59CB521B28A921EA001CC061 /* UIViewController+Alerts.swift in Sources */ = {isa = PBXBuildFile; fileRef = 59CB521A28A921EA001CC061 /* UIViewController+Alerts.swift */; };
		59CB521D28A92286001CC061 /* String+Trimming.swift in Sources */ = {isa = PBXBuildFile; fileRef = 59CB521C28A92286001CC061 /* String+Trimming.swift */; };
		59CB522028A93128001CC061 /* SearchResultsViewModel.swift in Sources */ = {isa = PBXBuildFile; fileRef = 59CB521F28A93128001CC061 /* SearchResultsViewModel.swift */; };
		59CB522428A939AC001CC061 /* RecipeCellViewModel.swift in Sources */ = {isa = PBXBuildFile; fileRef = 59CB522328A939AC001CC061 /* RecipeCellViewModel.swift */; };
		59CB522628A939C5001CC061 /* CustomTableViewCell.swift in Sources */ = {isa = PBXBuildFile; fileRef = 59CB522528A939C5001CC061 /* CustomTableViewCell.swift */; };
		59CB522828A93D7E001CC061 /* ImageViewBuilder.swift in Sources */ = {isa = PBXBuildFile; fileRef = 59CB522728A93D7E001CC061 /* ImageViewBuilder.swift */; };
		59CB522E28A99659001CC061 /* RecipeNetwork.swift in Sources */ = {isa = PBXBuildFile; fileRef = 59CB522D28A99659001CC061 /* RecipeNetwork.swift */; };
		59CB523028A9967C001CC061 /* RecipesResponse.swift in Sources */ = {isa = PBXBuildFile; fileRef = 59CB522F28A9967C001CC061 /* RecipesResponse.swift */; };
		59CB523428A996CF001CC061 /* Recipes.xcdatamodeld in Sources */ = {isa = PBXBuildFile; fileRef = 59CB523228A996CF001CC061 /* Recipes.xcdatamodeld */; };
		59CB523A28A99AA7001CC061 /* Persistence.swift in Sources */ = {isa = PBXBuildFile; fileRef = 59CB523928A99AA7001CC061 /* Persistence.swift */; };
		59CB523C28A99B77001CC061 /* RecipeNetworkType.swift in Sources */ = {isa = PBXBuildFile; fileRef = 59CB523B28A99B77001CC061 /* RecipeNetworkType.swift */; };
		59CB524328A9B67F001CC061 /* DetailsViewModel.swift in Sources */ = {isa = PBXBuildFile; fileRef = 59CB524228A9B67F001CC061 /* DetailsViewModel.swift */; };
		59CB524728A9B6F2001CC061 /* TextViewBuilder.swift in Sources */ = {isa = PBXBuildFile; fileRef = 59CB524628A9B6F2001CC061 /* TextViewBuilder.swift */; };
		59CB524A28A9CE02001CC061 /* DirectionsViewModel.swift in Sources */ = {isa = PBXBuildFile; fileRef = 59CB524928A9CE02001CC061 /* DirectionsViewModel.swift */; };
		59CEB3DD28ABDB8B00FFCEBF /* basket.json in Resources */ = {isa = PBXBuildFile; fileRef = 59CEB3DC28ABDB8B00FFCEBF /* basket.json */; };
		59CEB3DF28ABF54000FFCEBF /* favoritesAnim.json in Resources */ = {isa = PBXBuildFile; fileRef = 59CEB3DE28ABF54000FFCEBF /* favoritesAnim.json */; };
		C86E032DF8FDFFBA790403D0 /* Pods_OC_P10_Reciplease.framework in Frameworks */ = {isa = PBXBuildFile; fileRef = 648ADD611B8E40CF6BFE5D79 /* Pods_OC_P10_Reciplease.framework */; };
/* End PBXBuildFile section */

/* Begin PBXContainerItemProxy section */
		59C4762E28AC917B005266F4 /* PBXContainerItemProxy */ = {
			isa = PBXContainerItemProxy;
			containerPortal = 59CB51BF28A82C82001CC061 /* Project object */;
			proxyType = 1;
			remoteGlobalIDString = 59CB51C628A82C82001CC061;
			remoteInfo = "OC-P10-Reciplease";
		};
/* End PBXContainerItemProxy section */

/* Begin PBXFileReference section */
		590CB05B28AC9A6C00CD847E /* MockRecipesNetwork.swift */ = {isa = PBXFileReference; lastKnownFileType = sourcecode.swift; path = MockRecipesNetwork.swift; sourceTree = "<group>"; };
		590CB05F28AC9AB500CD847E /* ServiceError.swift */ = {isa = PBXFileReference; lastKnownFileType = sourcecode.swift; path = ServiceError.swift; sourceTree = "<group>"; };
		590CB06128AC9AEC00CD847E /* Data+Extensions.swift */ = {isa = PBXFileReference; lastKnownFileType = sourcecode.swift; path = "Data+Extensions.swift"; sourceTree = "<group>"; };
		590CB06428ACCCA700CD847E /* FakeRecipesData.json */ = {isa = PBXFileReference; fileEncoding = 4; lastKnownFileType = text.json; path = FakeRecipesData.json; sourceTree = "<group>"; };
		590CB06528ACCCA700CD847E /* FakeCodeBarData.json */ = {isa = PBXFileReference; fileEncoding = 4; lastKnownFileType = text.json; path = FakeCodeBarData.json; sourceTree = "<group>"; };
		590CB06828ACCDD100CD847E /* RecipesResponseTests.swift */ = {isa = PBXFileReference; lastKnownFileType = sourcecode.swift; path = RecipesResponseTests.swift; sourceTree = "<group>"; };
		590CB06A28ACCDF400CD847E /* DecodableTestCase.swift */ = {isa = PBXFileReference; lastKnownFileType = sourcecode.swift; path = DecodableTestCase.swift; sourceTree = "<group>"; };
		5916428A28B584C000AB6876 /* SearchVMTests.swift */ = {isa = PBXFileReference; lastKnownFileType = sourcecode.swift; path = SearchVMTests.swift; sourceTree = "<group>"; };
		5916428D28B5882E00AB6876 /* MockProductsNetwork.swift */ = {isa = PBXFileReference; lastKnownFileType = sourcecode.swift; path = MockProductsNetwork.swift; sourceTree = "<group>"; };
		5916428F28B5916800AB6876 /* ProductsResponseTests.swift */ = {isa = PBXFileReference; lastKnownFileType = sourcecode.swift; path = ProductsResponseTests.swift; sourceTree = "<group>"; };
		5916429128B596AC00AB6876 /* ProductsAPINetworkTests.swift */ = {isa = PBXFileReference; lastKnownFileType = sourcecode.swift; path = ProductsAPINetworkTests.swift; sourceTree = "<group>"; };
		5916429328B5A6E700AB6876 /* RecipesAPINetworkTests.swift */ = {isa = PBXFileReference; lastKnownFileType = sourcecode.swift; path = RecipesAPINetworkTests.swift; sourceTree = "<group>"; };
		5916429628B5C4E900AB6876 /* DetailsVMTests.swift */ = {isa = PBXFileReference; lastKnownFileType = sourcecode.swift; path = DetailsVMTests.swift; sourceTree = "<group>"; };
		5916429928B5C8E400AB6876 /* FavoritesVMTests.swift */ = {isa = PBXFileReference; lastKnownFileType = sourcecode.swift; path = FavoritesVMTests.swift; sourceTree = "<group>"; };
		59729B0628AAD4A900D3F642 /* CameraViewController.swift */ = {isa = PBXFileReference; lastKnownFileType = sourcecode.swift; path = CameraViewController.swift; sourceTree = "<group>"; };
		59729B0828AAD5E000D3F642 /* ProductsNetwork.swift */ = {isa = PBXFileReference; lastKnownFileType = sourcecode.swift; path = ProductsNetwork.swift; sourceTree = "<group>"; };
		59729B0A28AAD5FC00D3F642 /* ProductsResponse.swift */ = {isa = PBXFileReference; lastKnownFileType = sourcecode.swift; path = ProductsResponse.swift; sourceTree = "<group>"; };
		59729B0C28AAD64900D3F642 /* ProductsNetworkType.swift */ = {isa = PBXFileReference; lastKnownFileType = sourcecode.swift; path = ProductsNetworkType.swift; sourceTree = "<group>"; };
		59729B0E28AAD69500D3F642 /* UIViewController+EndEditing.swift */ = {isa = PBXFileReference; lastKnownFileType = sourcecode.swift; path = "UIViewController+EndEditing.swift"; sourceTree = "<group>"; };
		59729B1128AAD6CD00D3F642 /* QuickActionHandler.swift */ = {isa = PBXFileReference; lastKnownFileType = sourcecode.swift; path = QuickActionHandler.swift; sourceTree = "<group>"; };
		59729B1328AB199100D3F642 /* Recipe+CoreDataProperties.swift */ = {isa = PBXFileReference; lastKnownFileType = sourcecode.swift; name = "Recipe+CoreDataProperties.swift"; path = "/Users/walimaloui/Documents/Ultimate Dev:Design Folder/DevFolder/Work/All Apps/OpenClassrooms/P10_aloui_walim/OC-P10-Reciplease/OC-P10-Reciplease/CoreData/Recipe+CoreDataProperties.swift"; sourceTree = "<absolute>"; };
		59729B1428AB199200D3F642 /* Recipe+CoreDataClass.swift */ = {isa = PBXFileReference; lastKnownFileType = sourcecode.swift; name = "Recipe+CoreDataClass.swift"; path = "/Users/walimaloui/Documents/Ultimate Dev:Design Folder/DevFolder/Work/All Apps/OpenClassrooms/P10_aloui_walim/OC-P10-Reciplease/OC-P10-Reciplease/CoreData/Recipe+CoreDataClass.swift"; sourceTree = "<absolute>"; };
		59C4762A28AC917B005266F4 /* OC-P10-RecipleaseTests.xctest */ = {isa = PBXFileReference; explicitFileType = wrapper.cfbundle; includeInIndex = 0; path = "OC-P10-RecipleaseTests.xctest"; sourceTree = BUILT_PRODUCTS_DIR; };
		59C4763328AC91DB005266F4 /* SearchResultsVMTests.swift */ = {isa = PBXFileReference; fileEncoding = 4; lastKnownFileType = sourcecode.swift; path = SearchResultsVMTests.swift; sourceTree = "<group>"; };
		59CB51C728A82C82001CC061 /* OC-P10-Reciplease.app */ = {isa = PBXFileReference; explicitFileType = wrapper.application; includeInIndex = 0; path = "OC-P10-Reciplease.app"; sourceTree = BUILT_PRODUCTS_DIR; };
		59CB51CA28A82C82001CC061 /* AppDelegate.swift */ = {isa = PBXFileReference; lastKnownFileType = sourcecode.swift; path = AppDelegate.swift; sourceTree = "<group>"; };
		59CB51CE28A82C82001CC061 /* NavigationController.swift */ = {isa = PBXFileReference; lastKnownFileType = sourcecode.swift; path = NavigationController.swift; sourceTree = "<group>"; };
		59CB51D328A82C83001CC061 /* Assets.xcassets */ = {isa = PBXFileReference; lastKnownFileType = folder.assetcatalog; path = Assets.xcassets; sourceTree = "<group>"; };
		59CB51D628A82C83001CC061 /* Base */ = {isa = PBXFileReference; lastKnownFileType = file.storyboard; name = Base; path = Base.lproj/LaunchScreen.storyboard; sourceTree = "<group>"; };
		59CB51DF28A86939001CC061 /* Info.plist */ = {isa = PBXFileReference; fileEncoding = 4; lastKnownFileType = text.plist.xml; path = Info.plist; sourceTree = "<group>"; };
		59CB51E428A88A36001CC061 /* Coordinator.swift */ = {isa = PBXFileReference; lastKnownFileType = sourcecode.swift; path = Coordinator.swift; sourceTree = "<group>"; };
		59CB51E728A88AC0001CC061 /* AppCoordinator.swift */ = {isa = PBXFileReference; lastKnownFileType = sourcecode.swift; path = AppCoordinator.swift; sourceTree = "<group>"; };
		59CB51EA28A88B15001CC061 /* SearchCoordinator.swift */ = {isa = PBXFileReference; lastKnownFileType = sourcecode.swift; path = SearchCoordinator.swift; sourceTree = "<group>"; };
		59CB51EC28A88B51001CC061 /* FavoritesCoordinator.swift */ = {isa = PBXFileReference; lastKnownFileType = sourcecode.swift; path = FavoritesCoordinator.swift; sourceTree = "<group>"; };
		59CB51EF28A88DAE001CC061 /* SearchResultsCoordinator.swift */ = {isa = PBXFileReference; lastKnownFileType = sourcecode.swift; path = SearchResultsCoordinator.swift; sourceTree = "<group>"; };
		59CB51F128A88E1E001CC061 /* DetailsCoordinator.swift */ = {isa = PBXFileReference; lastKnownFileType = sourcecode.swift; path = DetailsCoordinator.swift; sourceTree = "<group>"; };
		59CB51F328A88E55001CC061 /* DirectionsCoordinator.swift */ = {isa = PBXFileReference; lastKnownFileType = sourcecode.swift; path = DirectionsCoordinator.swift; sourceTree = "<group>"; };
		59CB51F628A890DE001CC061 /* SearchViewController.swift */ = {isa = PBXFileReference; lastKnownFileType = sourcecode.swift; path = SearchViewController.swift; sourceTree = "<group>"; };
		59CB51F928A891CD001CC061 /* FavoritesViewController.swift */ = {isa = PBXFileReference; lastKnownFileType = sourcecode.swift; path = FavoritesViewController.swift; sourceTree = "<group>"; };
		59CB51FE28A893A6001CC061 /* SearchResultsViewController.swift */ = {isa = PBXFileReference; lastKnownFileType = sourcecode.swift; path = SearchResultsViewController.swift; sourceTree = "<group>"; };
		59CB520028A893C7001CC061 /* DetailsViewController.swift */ = {isa = PBXFileReference; lastKnownFileType = sourcecode.swift; path = DetailsViewController.swift; sourceTree = "<group>"; };
		59CB520228A893CF001CC061 /* DirectionsViewController.swift */ = {isa = PBXFileReference; lastKnownFileType = sourcecode.swift; path = DirectionsViewController.swift; sourceTree = "<group>"; };
		59CB520528A89876001CC061 /* ViewBuilder.swift */ = {isa = PBXFileReference; lastKnownFileType = sourcecode.swift; path = ViewBuilder.swift; sourceTree = "<group>"; };
		59CB520728A898DE001CC061 /* StackViewBuilder.swift */ = {isa = PBXFileReference; lastKnownFileType = sourcecode.swift; path = StackViewBuilder.swift; sourceTree = "<group>"; };
		59CB520928A89931001CC061 /* LabelBuilder.swift */ = {isa = PBXFileReference; lastKnownFileType = sourcecode.swift; path = LabelBuilder.swift; sourceTree = "<group>"; };
		59CB520B28A89990001CC061 /* TextFieldBuilder.swift */ = {isa = PBXFileReference; lastKnownFileType = sourcecode.swift; path = TextFieldBuilder.swift; sourceTree = "<group>"; };
		59CB520D28A899D2001CC061 /* TableViewBuilder.swift */ = {isa = PBXFileReference; lastKnownFileType = sourcecode.swift; path = TableViewBuilder.swift; sourceTree = "<group>"; };
		59CB520F28A899E9001CC061 /* ButtonBuilder.swift */ = {isa = PBXFileReference; lastKnownFileType = sourcecode.swift; path = ButtonBuilder.swift; sourceTree = "<group>"; };
		59CB521228A89DBD001CC061 /* SearchViewModel.swift */ = {isa = PBXFileReference; lastKnownFileType = sourcecode.swift; path = SearchViewModel.swift; sourceTree = "<group>"; };
		59CB521528A8A2E3001CC061 /* String+Capitals.swift */ = {isa = PBXFileReference; lastKnownFileType = sourcecode.swift; path = "String+Capitals.swift"; sourceTree = "<group>"; };
		59CB521828A8A752001CC061 /* FavoritesViewModel.swift */ = {isa = PBXFileReference; lastKnownFileType = sourcecode.swift; path = FavoritesViewModel.swift; sourceTree = "<group>"; };
		59CB521A28A921EA001CC061 /* UIViewController+Alerts.swift */ = {isa = PBXFileReference; lastKnownFileType = sourcecode.swift; path = "UIViewController+Alerts.swift"; sourceTree = "<group>"; };
		59CB521C28A92286001CC061 /* String+Trimming.swift */ = {isa = PBXFileReference; lastKnownFileType = sourcecode.swift; path = "String+Trimming.swift"; sourceTree = "<group>"; };
		59CB521F28A93128001CC061 /* SearchResultsViewModel.swift */ = {isa = PBXFileReference; lastKnownFileType = sourcecode.swift; path = SearchResultsViewModel.swift; sourceTree = "<group>"; };
		59CB522328A939AC001CC061 /* RecipeCellViewModel.swift */ = {isa = PBXFileReference; lastKnownFileType = sourcecode.swift; path = RecipeCellViewModel.swift; sourceTree = "<group>"; };
		59CB522528A939C5001CC061 /* CustomTableViewCell.swift */ = {isa = PBXFileReference; lastKnownFileType = sourcecode.swift; path = CustomTableViewCell.swift; sourceTree = "<group>"; };
		59CB522728A93D7E001CC061 /* ImageViewBuilder.swift */ = {isa = PBXFileReference; lastKnownFileType = sourcecode.swift; path = ImageViewBuilder.swift; sourceTree = "<group>"; };
		59CB522D28A99659001CC061 /* RecipeNetwork.swift */ = {isa = PBXFileReference; lastKnownFileType = sourcecode.swift; path = RecipeNetwork.swift; sourceTree = "<group>"; };
		59CB522F28A9967C001CC061 /* RecipesResponse.swift */ = {isa = PBXFileReference; lastKnownFileType = sourcecode.swift; path = RecipesResponse.swift; sourceTree = "<group>"; };
		59CB523328A996CF001CC061 /* Recipes.xcdatamodel */ = {isa = PBXFileReference; lastKnownFileType = wrapper.xcdatamodel; path = Recipes.xcdatamodel; sourceTree = "<group>"; };
		59CB523928A99AA7001CC061 /* Persistence.swift */ = {isa = PBXFileReference; lastKnownFileType = sourcecode.swift; path = Persistence.swift; sourceTree = "<group>"; };
		59CB523B28A99B77001CC061 /* RecipeNetworkType.swift */ = {isa = PBXFileReference; lastKnownFileType = sourcecode.swift; path = RecipeNetworkType.swift; sourceTree = "<group>"; };
		59CB524228A9B67F001CC061 /* DetailsViewModel.swift */ = {isa = PBXFileReference; lastKnownFileType = sourcecode.swift; path = DetailsViewModel.swift; sourceTree = "<group>"; };
		59CB524628A9B6F2001CC061 /* TextViewBuilder.swift */ = {isa = PBXFileReference; lastKnownFileType = sourcecode.swift; path = TextViewBuilder.swift; sourceTree = "<group>"; };
		59CB524928A9CE02001CC061 /* DirectionsViewModel.swift */ = {isa = PBXFileReference; lastKnownFileType = sourcecode.swift; path = DirectionsViewModel.swift; sourceTree = "<group>"; };
		59CEB3DC28ABDB8B00FFCEBF /* basket.json */ = {isa = PBXFileReference; fileEncoding = 4; lastKnownFileType = text.json; path = basket.json; sourceTree = "<group>"; };
		59CEB3DE28ABF54000FFCEBF /* favoritesAnim.json */ = {isa = PBXFileReference; fileEncoding = 4; lastKnownFileType = text.json; path = favoritesAnim.json; sourceTree = "<group>"; };
		59EA0EC328AC872800FA7959 /* libAlamofire.a */ = {isa = PBXFileReference; explicitFileType = archive.ar; path = libAlamofire.a; sourceTree = BUILT_PRODUCTS_DIR; };
		59EA0EC528AC876B00FA7959 /* libAlamofire.a */ = {isa = PBXFileReference; explicitFileType = archive.ar; path = libAlamofire.a; sourceTree = BUILT_PRODUCTS_DIR; };
		64889E64429D9D904BB20227 /* Pods-OC-P10-Reciplease.debug.xcconfig */ = {isa = PBXFileReference; includeInIndex = 1; lastKnownFileType = text.xcconfig; name = "Pods-OC-P10-Reciplease.debug.xcconfig"; path = "Target Support Files/Pods-OC-P10-Reciplease/Pods-OC-P10-Reciplease.debug.xcconfig"; sourceTree = "<group>"; };
		648ADD611B8E40CF6BFE5D79 /* Pods_OC_P10_Reciplease.framework */ = {isa = PBXFileReference; explicitFileType = wrapper.framework; includeInIndex = 0; path = Pods_OC_P10_Reciplease.framework; sourceTree = BUILT_PRODUCTS_DIR; };
		ED94D0BFD773A8260598DF27 /* Pods-OC-P10-Reciplease.release.xcconfig */ = {isa = PBXFileReference; includeInIndex = 1; lastKnownFileType = text.xcconfig; name = "Pods-OC-P10-Reciplease.release.xcconfig"; path = "Target Support Files/Pods-OC-P10-Reciplease/Pods-OC-P10-Reciplease.release.xcconfig"; sourceTree = "<group>"; };
/* End PBXFileReference section */

/* Begin PBXFrameworksBuildPhase section */
		59C4762728AC917B005266F4 /* Frameworks */ = {
			isa = PBXFrameworksBuildPhase;
			buildActionMask = 2147483647;
			files = (
			);
			runOnlyForDeploymentPostprocessing = 0;
		};
		59CB51C428A82C82001CC061 /* Frameworks */ = {
			isa = PBXFrameworksBuildPhase;
			buildActionMask = 2147483647;
			files = (
				C86E032DF8FDFFBA790403D0 /* Pods_OC_P10_Reciplease.framework in Frameworks */,
			);
			runOnlyForDeploymentPostprocessing = 0;
		};
/* End PBXFrameworksBuildPhase section */

/* Begin PBXGroup section */
		590CB05A28AC9A5000CD847E /* Recipe Tests Group */ = {
			isa = PBXGroup;
			children = (
				590CB05B28AC9A6C00CD847E /* MockRecipesNetwork.swift */,
				590CB06828ACCDD100CD847E /* RecipesResponseTests.swift */,
				5916429328B5A6E700AB6876 /* RecipesAPINetworkTests.swift */,
			);
			path = "Recipe Tests Group";
			sourceTree = "<group>";
		};
		590CB05D28AC9A8500CD847E /* Search Results VM Test Group */ = {
			isa = PBXGroup;
			children = (
				59C4763328AC91DB005266F4 /* SearchResultsVMTests.swift */,
			);
			path = "Search Results VM Test Group";
			sourceTree = "<group>";
		};
		590CB05E28AC9AA900CD847E /* Helpers */ = {
			isa = PBXGroup;
			children = (
				590CB05F28AC9AB500CD847E /* ServiceError.swift */,
				590CB06128AC9AEC00CD847E /* Data+Extensions.swift */,
				590CB06A28ACCDF400CD847E /* DecodableTestCase.swift */,
			);
			path = Helpers;
			sourceTree = "<group>";
		};
		590CB06328ACCC9100CD847E /* Data */ = {
			isa = PBXGroup;
			children = (
				590CB06528ACCCA700CD847E /* FakeCodeBarData.json */,
				590CB06428ACCCA700CD847E /* FakeRecipesData.json */,
			);
			path = Data;
			sourceTree = "<group>";
		};
		5916428928B5849200AB6876 /* Search VM Tests Group */ = {
			isa = PBXGroup;
			children = (
				5916428A28B584C000AB6876 /* SearchVMTests.swift */,
			);
			path = "Search VM Tests Group";
			sourceTree = "<group>";
		};
		5916428C28B587FF00AB6876 /* Code Bar Test Group */ = {
			isa = PBXGroup;
			children = (
				5916428D28B5882E00AB6876 /* MockProductsNetwork.swift */,
				5916428F28B5916800AB6876 /* ProductsResponseTests.swift */,
				5916429128B596AC00AB6876 /* ProductsAPINetworkTests.swift */,
			);
			path = "Code Bar Test Group";
			sourceTree = "<group>";
		};
		5916429528B5C41600AB6876 /* Details VM Tests Group */ = {
			isa = PBXGroup;
			children = (
				5916429628B5C4E900AB6876 /* DetailsVMTests.swift */,
			);
			path = "Details VM Tests Group";
			sourceTree = "<group>";
		};
		5916429828B5C8C200AB6876 /* Favorites VM Tests Group */ = {
			isa = PBXGroup;
			children = (
				5916429928B5C8E400AB6876 /* FavoritesVMTests.swift */,
			);
			path = "Favorites VM Tests Group";
			sourceTree = "<group>";
		};
		59729B1028AAD6BC00D3F642 /* QuickActionHandler */ = {
			isa = PBXGroup;
			children = (
				59729B1128AAD6CD00D3F642 /* QuickActionHandler.swift */,
			);
			path = QuickActionHandler;
			sourceTree = "<group>";
		};
		59C4762B28AC917B005266F4 /* OC-P10-RecipleaseTests */ = {
			isa = PBXGroup;
			children = (
				590CB06328ACCC9100CD847E /* Data */,
				590CB05E28AC9AA900CD847E /* Helpers */,
				5916428C28B587FF00AB6876 /* Code Bar Test Group */,
				590CB05A28AC9A5000CD847E /* Recipe Tests Group */,
				5916428928B5849200AB6876 /* Search VM Tests Group */,
				590CB05D28AC9A8500CD847E /* Search Results VM Test Group */,
				5916429528B5C41600AB6876 /* Details VM Tests Group */,
				5916429828B5C8C200AB6876 /* Favorites VM Tests Group */,
			);
			path = "OC-P10-RecipleaseTests";
			sourceTree = "<group>";
		};
		59CB51BE28A82C82001CC061 = {
			isa = PBXGroup;
			children = (
				59CB51C928A82C82001CC061 /* OC-P10-Reciplease */,
				59C4762B28AC917B005266F4 /* OC-P10-RecipleaseTests */,
				59CB51C828A82C82001CC061 /* Products */,
				B9EEFFCEB9E6D61B04150D7C /* Pods */,
				D5B89A2714BBE083F74B7325 /* Frameworks */,
			);
			sourceTree = "<group>";
		};
		59CB51C828A82C82001CC061 /* Products */ = {
			isa = PBXGroup;
			children = (
				59CB51C728A82C82001CC061 /* OC-P10-Reciplease.app */,
				59C4762A28AC917B005266F4 /* OC-P10-RecipleaseTests.xctest */,
			);
			name = Products;
			sourceTree = "<group>";
		};
		59CB51C928A82C82001CC061 /* OC-P10-Reciplease */ = {
			isa = PBXGroup;
			children = (
				59CB51DE28A85DF1001CC061 /* App Delegates */,
				59CB51E328A889F1001CC061 /* Coordinator */,
				59CB51EE28A88BAC001CC061 /* View Controllers */,
				59CB522928A93EA0001CC061 /* Models */,
				59CB523128A996BC001CC061 /* CoreData */,
				59CB522C28A99649001CC061 /* Network */,
				59CB520428A8985C001CC061 /* Builders */,
				59CB521428A8A2D2001CC061 /* Extensions */,
				59729B1028AAD6BC00D3F642 /* QuickActionHandler */,
				59CB51E228A86AA9001CC061 /* Supporting Files */,
			);
			path = "OC-P10-Reciplease";
			sourceTree = "<group>";
		};
		59CB51DE28A85DF1001CC061 /* App Delegates */ = {
			isa = PBXGroup;
			children = (
				59CB51CA28A82C82001CC061 /* AppDelegate.swift */,
			);
			path = "App Delegates";
			sourceTree = "<group>";
		};
		59CB51E228A86AA9001CC061 /* Supporting Files */ = {
			isa = PBXGroup;
			children = (
				59CEB3DE28ABF54000FFCEBF /* favoritesAnim.json */,
				59CEB3DC28ABDB8B00FFCEBF /* basket.json */,
				59CB51D328A82C83001CC061 /* Assets.xcassets */,
				59CB51D528A82C83001CC061 /* LaunchScreen.storyboard */,
				59CB51DF28A86939001CC061 /* Info.plist */,
			);
			path = "Supporting Files";
			sourceTree = "<group>";
		};
		59CB51E328A889F1001CC061 /* Coordinator */ = {
			isa = PBXGroup;
			children = (
				59CB51E428A88A36001CC061 /* Coordinator.swift */,
				59CB51E628A88A57001CC061 /* App Coordinator */,
				59CB51E928A88AE4001CC061 /* Child Coordinators */,
			);
			path = Coordinator;
			sourceTree = "<group>";
		};
		59CB51E628A88A57001CC061 /* App Coordinator */ = {
			isa = PBXGroup;
			children = (
				59CB51E728A88AC0001CC061 /* AppCoordinator.swift */,
			);
			path = "App Coordinator";
			sourceTree = "<group>";
		};
		59CB51E928A88AE4001CC061 /* Child Coordinators */ = {
			isa = PBXGroup;
			children = (
				59CB51EA28A88B15001CC061 /* SearchCoordinator.swift */,
				59CB51EF28A88DAE001CC061 /* SearchResultsCoordinator.swift */,
				59CB51F128A88E1E001CC061 /* DetailsCoordinator.swift */,
				59CB51F328A88E55001CC061 /* DirectionsCoordinator.swift */,
				59CB51EC28A88B51001CC061 /* FavoritesCoordinator.swift */,
			);
			path = "Child Coordinators";
			sourceTree = "<group>";
		};
		59CB51EE28A88BAC001CC061 /* View Controllers */ = {
			isa = PBXGroup;
			children = (
				59CB51CE28A82C82001CC061 /* NavigationController.swift */,
				59CB51F528A890C5001CC061 /* Search View Controller */,
				59CB51FB28A8930C001CC061 /* Search Results View Controller */,
				59CB51FC28A89318001CC061 /* Details View Controller */,
				59CB51FD28A89321001CC061 /* Directions View Controller */,
				59CB51F828A8919F001CC061 /* Favorites View Controller */,
			);
			path = "View Controllers";
			sourceTree = "<group>";
		};
		59CB51F528A890C5001CC061 /* Search View Controller */ = {
			isa = PBXGroup;
			children = (
				59CB51F628A890DE001CC061 /* SearchViewController.swift */,
				59729B0628AAD4A900D3F642 /* CameraViewController.swift */,
				59CB521128A89DAE001CC061 /* View Models */,
			);
			path = "Search View Controller";
			sourceTree = "<group>";
		};
		59CB51F828A8919F001CC061 /* Favorites View Controller */ = {
			isa = PBXGroup;
			children = (
				59CB51F928A891CD001CC061 /* FavoritesViewController.swift */,
				59CB521728A8A6F4001CC061 /* View Models */,
			);
			path = "Favorites View Controller";
			sourceTree = "<group>";
		};
		59CB51FB28A8930C001CC061 /* Search Results View Controller */ = {
			isa = PBXGroup;
			children = (
				59CB51FE28A893A6001CC061 /* SearchResultsViewController.swift */,
				59CB521E28A93105001CC061 /* View Models */,
			);
			path = "Search Results View Controller";
			sourceTree = "<group>";
		};
		59CB51FC28A89318001CC061 /* Details View Controller */ = {
			isa = PBXGroup;
			children = (
				59CB520028A893C7001CC061 /* DetailsViewController.swift */,
				59CB524128A9B672001CC061 /* View Models */,
			);
			path = "Details View Controller";
			sourceTree = "<group>";
		};
		59CB51FD28A89321001CC061 /* Directions View Controller */ = {
			isa = PBXGroup;
			children = (
				59CB520228A893CF001CC061 /* DirectionsViewController.swift */,
				59CB524828A9CDDF001CC061 /* View Models */,
			);
			path = "Directions View Controller";
			sourceTree = "<group>";
		};
		59CB520428A8985C001CC061 /* Builders */ = {
			isa = PBXGroup;
			children = (
				59CB520528A89876001CC061 /* ViewBuilder.swift */,
				59CB520728A898DE001CC061 /* StackViewBuilder.swift */,
				59CB520928A89931001CC061 /* LabelBuilder.swift */,
				59CB520B28A89990001CC061 /* TextFieldBuilder.swift */,
				59CB520D28A899D2001CC061 /* TableViewBuilder.swift */,
				59CB520F28A899E9001CC061 /* ButtonBuilder.swift */,
				59CB522728A93D7E001CC061 /* ImageViewBuilder.swift */,
				59CB524628A9B6F2001CC061 /* TextViewBuilder.swift */,
			);
			path = Builders;
			sourceTree = "<group>";
		};
		59CB521128A89DAE001CC061 /* View Models */ = {
			isa = PBXGroup;
			children = (
				59CB521228A89DBD001CC061 /* SearchViewModel.swift */,
			);
			path = "View Models";
			sourceTree = "<group>";
		};
		59CB521428A8A2D2001CC061 /* Extensions */ = {
			isa = PBXGroup;
			children = (
				59CB521528A8A2E3001CC061 /* String+Capitals.swift */,
				59CB521C28A92286001CC061 /* String+Trimming.swift */,
				59CB521A28A921EA001CC061 /* UIViewController+Alerts.swift */,
				59729B0E28AAD69500D3F642 /* UIViewController+EndEditing.swift */,
			);
			path = Extensions;
			sourceTree = "<group>";
		};
		59CB521728A8A6F4001CC061 /* View Models */ = {
			isa = PBXGroup;
			children = (
				59CB521828A8A752001CC061 /* FavoritesViewModel.swift */,
			);
			path = "View Models";
			sourceTree = "<group>";
		};
		59CB521E28A93105001CC061 /* View Models */ = {
			isa = PBXGroup;
			children = (
				59CB521F28A93128001CC061 /* SearchResultsViewModel.swift */,
				59CB522128A93896001CC061 /* Cell */,
			);
			path = "View Models";
			sourceTree = "<group>";
		};
		59CB522128A93896001CC061 /* Cell */ = {
			isa = PBXGroup;
			children = (
				59CB522528A939C5001CC061 /* CustomTableViewCell.swift */,
				59CB522228A938E9001CC061 /* Cell View Models */,
			);
			path = Cell;
			sourceTree = "<group>";
		};
		59CB522228A938E9001CC061 /* Cell View Models */ = {
			isa = PBXGroup;
			children = (
				59CB522328A939AC001CC061 /* RecipeCellViewModel.swift */,
			);
			path = "Cell View Models";
			sourceTree = "<group>";
		};
		59CB522928A93EA0001CC061 /* Models */ = {
			isa = PBXGroup;
			children = (
				59CB522F28A9967C001CC061 /* RecipesResponse.swift */,
				59729B0A28AAD5FC00D3F642 /* ProductsResponse.swift */,
			);
			path = Models;
			sourceTree = "<group>";
		};
		59CB522C28A99649001CC061 /* Network */ = {
			isa = PBXGroup;
			children = (
				59CB522D28A99659001CC061 /* RecipeNetwork.swift */,
				59CB523B28A99B77001CC061 /* RecipeNetworkType.swift */,
				59729B0828AAD5E000D3F642 /* ProductsNetwork.swift */,
				59729B0C28AAD64900D3F642 /* ProductsNetworkType.swift */,
			);
			path = Network;
			sourceTree = "<group>";
		};
		59CB523128A996BC001CC061 /* CoreData */ = {
			isa = PBXGroup;
			children = (
				59CB523928A99AA7001CC061 /* Persistence.swift */,
				59729B1428AB199200D3F642 /* Recipe+CoreDataClass.swift */,
				59729B1328AB199100D3F642 /* Recipe+CoreDataProperties.swift */,
				59CB523228A996CF001CC061 /* Recipes.xcdatamodeld */,
			);
			path = CoreData;
			sourceTree = "<group>";
		};
		59CB524128A9B672001CC061 /* View Models */ = {
			isa = PBXGroup;
			children = (
				59CB524228A9B67F001CC061 /* DetailsViewModel.swift */,
			);
			path = "View Models";
			sourceTree = "<group>";
		};
		59CB524828A9CDDF001CC061 /* View Models */ = {
			isa = PBXGroup;
			children = (
				59CB524928A9CE02001CC061 /* DirectionsViewModel.swift */,
			);
			path = "View Models";
			sourceTree = "<group>";
		};
		B9EEFFCEB9E6D61B04150D7C /* Pods */ = {
			isa = PBXGroup;
			children = (
				64889E64429D9D904BB20227 /* Pods-OC-P10-Reciplease.debug.xcconfig */,
				ED94D0BFD773A8260598DF27 /* Pods-OC-P10-Reciplease.release.xcconfig */,
			);
			path = Pods;
			sourceTree = "<group>";
		};
		D5B89A2714BBE083F74B7325 /* Frameworks */ = {
			isa = PBXGroup;
			children = (
				59EA0EC528AC876B00FA7959 /* libAlamofire.a */,
				59EA0EC328AC872800FA7959 /* libAlamofire.a */,
				648ADD611B8E40CF6BFE5D79 /* Pods_OC_P10_Reciplease.framework */,
			);
			name = Frameworks;
			sourceTree = "<group>";
		};
/* End PBXGroup section */

/* Begin PBXNativeTarget section */
		59C4762928AC917B005266F4 /* OC-P10-RecipleaseTests */ = {
			isa = PBXNativeTarget;
			buildConfigurationList = 59C4763028AC917B005266F4 /* Build configuration list for PBXNativeTarget "OC-P10-RecipleaseTests" */;
			buildPhases = (
				59C4762628AC917B005266F4 /* Sources */,
				59C4762728AC917B005266F4 /* Frameworks */,
				59C4762828AC917B005266F4 /* Resources */,
			);
			buildRules = (
			);
			dependencies = (
				59C4762F28AC917B005266F4 /* PBXTargetDependency */,
			);
			name = "OC-P10-RecipleaseTests";
			productName = "OC-P10-RecipleaseTests";
			productReference = 59C4762A28AC917B005266F4 /* OC-P10-RecipleaseTests.xctest */;
			productType = "com.apple.product-type.bundle.unit-test";
		};
		59CB51C628A82C82001CC061 /* OC-P10-Reciplease */ = {
			isa = PBXNativeTarget;
			buildConfigurationList = 59CB51DB28A82C83001CC061 /* Build configuration list for PBXNativeTarget "OC-P10-Reciplease" */;
			buildPhases = (
				CA3722F3C3115D4E9F78F5A9 /* [CP] Check Pods Manifest.lock */,
				59CB51C328A82C82001CC061 /* Sources */,
				59CB51C428A82C82001CC061 /* Frameworks */,
				59CB51C528A82C82001CC061 /* Resources */,
				A2D465DF84BEC7046D720668 /* [CP] Embed Pods Frameworks */,
			);
			buildRules = (
			);
			dependencies = (
			);
			name = "OC-P10-Reciplease";
			productName = "OC-P10-Reciplease";
			productReference = 59CB51C728A82C82001CC061 /* OC-P10-Reciplease.app */;
			productType = "com.apple.product-type.application";
		};
/* End PBXNativeTarget section */

/* Begin PBXProject section */
		59CB51BF28A82C82001CC061 /* Project object */ = {
			isa = PBXProject;
			attributes = {
				BuildIndependentTargetsInParallel = 1;
				LastSwiftUpdateCheck = 1340;
				LastUpgradeCheck = 1340;
				TargetAttributes = {
					59C4762928AC917B005266F4 = {
						CreatedOnToolsVersion = 13.4.1;
						LastSwiftMigration = 1340;
						TestTargetID = 59CB51C628A82C82001CC061;
					};
					59CB51C628A82C82001CC061 = {
						CreatedOnToolsVersion = 13.4.1;
					};
				};
			};
			buildConfigurationList = 59CB51C228A82C82001CC061 /* Build configuration list for PBXProject "OC-P10-Reciplease" */;
			compatibilityVersion = "Xcode 13.0";
			developmentRegion = en;
			hasScannedForEncodings = 0;
			knownRegions = (
				en,
				Base,
			);
			mainGroup = 59CB51BE28A82C82001CC061;
			productRefGroup = 59CB51C828A82C82001CC061 /* Products */;
			projectDirPath = "";
			projectRoot = "";
			targets = (
				59CB51C628A82C82001CC061 /* OC-P10-Reciplease */,
				59C4762928AC917B005266F4 /* OC-P10-RecipleaseTests */,
			);
		};
/* End PBXProject section */

/* Begin PBXResourcesBuildPhase section */
		59C4762828AC917B005266F4 /* Resources */ = {
			isa = PBXResourcesBuildPhase;
			buildActionMask = 2147483647;
			files = (
				590CB06628ACCCA700CD847E /* FakeRecipesData.json in Resources */,
				590CB06728ACCCA700CD847E /* FakeCodeBarData.json in Resources */,
			);
			runOnlyForDeploymentPostprocessing = 0;
		};
		59CB51C528A82C82001CC061 /* Resources */ = {
			isa = PBXResourcesBuildPhase;
			buildActionMask = 2147483647;
			files = (
				59CB51D728A82C83001CC061 /* LaunchScreen.storyboard in Resources */,
				59CB51D428A82C83001CC061 /* Assets.xcassets in Resources */,
				59CEB3DF28ABF54000FFCEBF /* favoritesAnim.json in Resources */,
				59CEB3DD28ABDB8B00FFCEBF /* basket.json in Resources */,
			);
			runOnlyForDeploymentPostprocessing = 0;
		};
/* End PBXResourcesBuildPhase section */

/* Begin PBXShellScriptBuildPhase section */
		A2D465DF84BEC7046D720668 /* [CP] Embed Pods Frameworks */ = {
			isa = PBXShellScriptBuildPhase;
			buildActionMask = 2147483647;
			files = (
			);
			inputFileListPaths = (
				"${PODS_ROOT}/Target Support Files/Pods-OC-P10-Reciplease/Pods-OC-P10-Reciplease-frameworks-${CONFIGURATION}-input-files.xcfilelist",
			);
			name = "[CP] Embed Pods Frameworks";
			outputFileListPaths = (
				"${PODS_ROOT}/Target Support Files/Pods-OC-P10-Reciplease/Pods-OC-P10-Reciplease-frameworks-${CONFIGURATION}-output-files.xcfilelist",
			);
			runOnlyForDeploymentPostprocessing = 0;
			shellPath = /bin/sh;
			shellScript = "\"${PODS_ROOT}/Target Support Files/Pods-OC-P10-Reciplease/Pods-OC-P10-Reciplease-frameworks.sh\"\n";
			showEnvVarsInLog = 0;
		};
		CA3722F3C3115D4E9F78F5A9 /* [CP] Check Pods Manifest.lock */ = {
			isa = PBXShellScriptBuildPhase;
			buildActionMask = 2147483647;
			files = (
			);
			inputFileListPaths = (
			);
			inputPaths = (
				"${PODS_PODFILE_DIR_PATH}/Podfile.lock",
				"${PODS_ROOT}/Manifest.lock",
			);
			name = "[CP] Check Pods Manifest.lock";
			outputFileListPaths = (
			);
			outputPaths = (
				"$(DERIVED_FILE_DIR)/Pods-OC-P10-Reciplease-checkManifestLockResult.txt",
			);
			runOnlyForDeploymentPostprocessing = 0;
			shellPath = /bin/sh;
			shellScript = "diff \"${PODS_PODFILE_DIR_PATH}/Podfile.lock\" \"${PODS_ROOT}/Manifest.lock\" > /dev/null\nif [ $? != 0 ] ; then\n    # print error to STDERR\n    echo \"error: The sandbox is not in sync with the Podfile.lock. Run 'pod install' or update your CocoaPods installation.\" >&2\n    exit 1\nfi\n# This output is used by Xcode 'outputs' to avoid re-running this script phase.\necho \"SUCCESS\" > \"${SCRIPT_OUTPUT_FILE_0}\"\n";
			showEnvVarsInLog = 0;
		};
/* End PBXShellScriptBuildPhase section */

/* Begin PBXSourcesBuildPhase section */
		59C4762628AC917B005266F4 /* Sources */ = {
			isa = PBXSourcesBuildPhase;
			buildActionMask = 2147483647;
			files = (
				590CB06028AC9AB500CD847E /* ServiceError.swift in Sources */,
				5916429028B5916800AB6876 /* ProductsResponseTests.swift in Sources */,
				5916429428B5A6E700AB6876 /* RecipesAPINetworkTests.swift in Sources */,
				590CB06B28ACCDF400CD847E /* DecodableTestCase.swift in Sources */,
				590CB06228AC9AEC00CD847E /* Data+Extensions.swift in Sources */,
				590CB05C28AC9A6C00CD847E /* MockRecipesNetwork.swift in Sources */,
				5916429228B596AC00AB6876 /* ProductsAPINetworkTests.swift in Sources */,
				5916429A28B5C8E400AB6876 /* FavoritesVMTests.swift in Sources */,
				5916428E28B5882E00AB6876 /* MockProductsNetwork.swift in Sources */,
				59C4763428AC91DB005266F4 /* SearchResultsVMTests.swift in Sources */,
				590CB06928ACCDD100CD847E /* RecipesResponseTests.swift in Sources */,
				5916428B28B584C000AB6876 /* SearchVMTests.swift in Sources */,
				5916429728B5C4E900AB6876 /* DetailsVMTests.swift in Sources */,
			);
			runOnlyForDeploymentPostprocessing = 0;
		};
		59CB51C328A82C82001CC061 /* Sources */ = {
			isa = PBXSourcesBuildPhase;
			buildActionMask = 2147483647;
			files = (
				59CB523A28A99AA7001CC061 /* Persistence.swift in Sources */,
				59CB51F728A890DE001CC061 /* SearchViewController.swift in Sources */,
				59CB520C28A89990001CC061 /* TextFieldBuilder.swift in Sources */,
				59CB51FF28A893A6001CC061 /* SearchResultsViewController.swift in Sources */,
				59CB522028A93128001CC061 /* SearchResultsViewModel.swift in Sources */,
				59CB51F028A88DAE001CC061 /* SearchResultsCoordinator.swift in Sources */,
				59CB51E828A88AC0001CC061 /* AppCoordinator.swift in Sources */,
				59CB51F428A88E55001CC061 /* DirectionsCoordinator.swift in Sources */,
				59CB51EB28A88B15001CC061 /* SearchCoordinator.swift in Sources */,
				59CB51CF28A82C82001CC061 /* NavigationController.swift in Sources */,
				59CB524A28A9CE02001CC061 /* DirectionsViewModel.swift in Sources */,
				59CB523028A9967C001CC061 /* RecipesResponse.swift in Sources */,
				59CB51FA28A891CD001CC061 /* FavoritesViewController.swift in Sources */,
				59CB522628A939C5001CC061 /* CustomTableViewCell.swift in Sources */,
				59CB522428A939AC001CC061 /* RecipeCellViewModel.swift in Sources */,
				59729B1628AB199200D3F642 /* Recipe+CoreDataClass.swift in Sources */,
				59CB520628A89876001CC061 /* ViewBuilder.swift in Sources */,
				59CB520828A898DE001CC061 /* StackViewBuilder.swift in Sources */,
				59729B0D28AAD64900D3F642 /* ProductsNetworkType.swift in Sources */,
				59CB51CB28A82C82001CC061 /* AppDelegate.swift in Sources */,
				59CB520E28A899D2001CC061 /* TableViewBuilder.swift in Sources */,
				59CB523C28A99B77001CC061 /* RecipeNetworkType.swift in Sources */,
				59729B0728AAD4A900D3F642 /* CameraViewController.swift in Sources */,
				59CB51F228A88E1E001CC061 /* DetailsCoordinator.swift in Sources */,
				59729B0F28AAD69500D3F642 /* UIViewController+EndEditing.swift in Sources */,
				59CB520A28A89931001CC061 /* LabelBuilder.swift in Sources */,
				59CB521628A8A2E3001CC061 /* String+Capitals.swift in Sources */,
				59CB521328A89DBD001CC061 /* SearchViewModel.swift in Sources */,
				59CB524328A9B67F001CC061 /* DetailsViewModel.swift in Sources */,
				59CB521D28A92286001CC061 /* String+Trimming.swift in Sources */,
				59729B0B28AAD5FC00D3F642 /* ProductsResponse.swift in Sources */,
				59CB51ED28A88B51001CC061 /* FavoritesCoordinator.swift in Sources */,
				59CB523428A996CF001CC061 /* Recipes.xcdatamodeld in Sources */,
				59CB520128A893C7001CC061 /* DetailsViewController.swift in Sources */,
				59CB524728A9B6F2001CC061 /* TextViewBuilder.swift in Sources */,
				59CB521B28A921EA001CC061 /* UIViewController+Alerts.swift in Sources */,
				59729B1228AAD6CD00D3F642 /* QuickActionHandler.swift in Sources */,
				59CB521028A899E9001CC061 /* ButtonBuilder.swift in Sources */,
				59CB522828A93D7E001CC061 /* ImageViewBuilder.swift in Sources */,
				59CB521928A8A752001CC061 /* FavoritesViewModel.swift in Sources */,
				59CB520328A893CF001CC061 /* DirectionsViewController.swift in Sources */,
				59CB51E528A88A36001CC061 /* Coordinator.swift in Sources */,
				59729B0928AAD5E000D3F642 /* ProductsNetwork.swift in Sources */,
				59729B1528AB199200D3F642 /* Recipe+CoreDataProperties.swift in Sources */,
				59CB522E28A99659001CC061 /* RecipeNetwork.swift in Sources */,
			);
			runOnlyForDeploymentPostprocessing = 0;
		};
/* End PBXSourcesBuildPhase section */

/* Begin PBXTargetDependency section */
		59C4762F28AC917B005266F4 /* PBXTargetDependency */ = {
			isa = PBXTargetDependency;
			target = 59CB51C628A82C82001CC061 /* OC-P10-Reciplease */;
			targetProxy = 59C4762E28AC917B005266F4 /* PBXContainerItemProxy */;
		};
/* End PBXTargetDependency section */

/* Begin PBXVariantGroup section */
		59CB51D528A82C83001CC061 /* LaunchScreen.storyboard */ = {
			isa = PBXVariantGroup;
			children = (
				59CB51D628A82C83001CC061 /* Base */,
			);
			name = LaunchScreen.storyboard;
			sourceTree = "<group>";
		};
/* End PBXVariantGroup section */

/* Begin XCBuildConfiguration section */
		59C4763128AC917B005266F4 /* Debug */ = {
			isa = XCBuildConfiguration;
			buildSettings = {
				BUNDLE_LOADER = "$(TEST_HOST)";
				CLANG_ENABLE_MODULES = YES;
				CODE_SIGN_STYLE = Automatic;
				CURRENT_PROJECT_VERSION = 1;
				DEVELOPMENT_TEAM = S25TANK5XP;
				GENERATE_INFOPLIST_FILE = YES;
				LD_RUNPATH_SEARCH_PATHS = (
					"$(inherited)",
					"@executable_path/Frameworks",
					"@loader_path/Frameworks",
				);
				MARKETING_VERSION = 1.0;
				PRODUCT_BUNDLE_IDENTIFIER = "adpiscinam.OC-P10-RecipleaseTests";
				PRODUCT_NAME = "$(TARGET_NAME)";
				SWIFT_EMIT_LOC_STRINGS = NO;
				SWIFT_OPTIMIZATION_LEVEL = "-Onone";
				SWIFT_VERSION = 5.0;
				TARGETED_DEVICE_FAMILY = "1,2";
				TEST_HOST = "$(BUILT_PRODUCTS_DIR)/OC-P10-Reciplease.app/OC-P10-Reciplease";
			};
			name = Debug;
		};
		59C4763228AC917B005266F4 /* Release */ = {
			isa = XCBuildConfiguration;
			buildSettings = {
				BUNDLE_LOADER = "$(TEST_HOST)";
				CLANG_ENABLE_MODULES = YES;
				CODE_SIGN_STYLE = Automatic;
				CURRENT_PROJECT_VERSION = 1;
				DEVELOPMENT_TEAM = S25TANK5XP;
				GENERATE_INFOPLIST_FILE = YES;
				LD_RUNPATH_SEARCH_PATHS = (
					"$(inherited)",
					"@executable_path/Frameworks",
					"@loader_path/Frameworks",
				);
				MARKETING_VERSION = 1.0;
				PRODUCT_BUNDLE_IDENTIFIER = "adpiscinam.OC-P10-RecipleaseTests";
				PRODUCT_NAME = "$(TARGET_NAME)";
				SWIFT_EMIT_LOC_STRINGS = NO;
				SWIFT_VERSION = 5.0;
				TARGETED_DEVICE_FAMILY = "1,2";
				TEST_HOST = "$(BUILT_PRODUCTS_DIR)/OC-P10-Reciplease.app/OC-P10-Reciplease";
			};
			name = Release;
		};
		59CB51D928A82C83001CC061 /* Debug */ = {
			isa = XCBuildConfiguration;
			buildSettings = {
				ALWAYS_SEARCH_USER_PATHS = NO;
				CLANG_ANALYZER_NONNULL = YES;
				CLANG_ANALYZER_NUMBER_OBJECT_CONVERSION = YES_AGGRESSIVE;
				CLANG_CXX_LANGUAGE_STANDARD = "gnu++17";
				CLANG_ENABLE_MODULES = YES;
				CLANG_ENABLE_OBJC_ARC = YES;
				CLANG_ENABLE_OBJC_WEAK = YES;
				CLANG_WARN_BLOCK_CAPTURE_AUTORELEASING = YES;
				CLANG_WARN_BOOL_CONVERSION = YES;
				CLANG_WARN_COMMA = YES;
				CLANG_WARN_CONSTANT_CONVERSION = YES;
				CLANG_WARN_DEPRECATED_OBJC_IMPLEMENTATIONS = YES;
				CLANG_WARN_DIRECT_OBJC_ISA_USAGE = YES_ERROR;
				CLANG_WARN_DOCUMENTATION_COMMENTS = YES;
				CLANG_WARN_EMPTY_BODY = YES;
				CLANG_WARN_ENUM_CONVERSION = YES;
				CLANG_WARN_INFINITE_RECURSION = YES;
				CLANG_WARN_INT_CONVERSION = YES;
				CLANG_WARN_NON_LITERAL_NULL_CONVERSION = YES;
				CLANG_WARN_OBJC_IMPLICIT_RETAIN_SELF = YES;
				CLANG_WARN_OBJC_LITERAL_CONVERSION = YES;
				CLANG_WARN_OBJC_ROOT_CLASS = YES_ERROR;
				CLANG_WARN_QUOTED_INCLUDE_IN_FRAMEWORK_HEADER = YES;
				CLANG_WARN_RANGE_LOOP_ANALYSIS = YES;
				CLANG_WARN_STRICT_PROTOTYPES = YES;
				CLANG_WARN_SUSPICIOUS_MOVE = YES;
				CLANG_WARN_UNGUARDED_AVAILABILITY = YES_AGGRESSIVE;
				CLANG_WARN_UNREACHABLE_CODE = YES;
				CLANG_WARN__DUPLICATE_METHOD_MATCH = YES;
				COPY_PHASE_STRIP = NO;
				DEBUG_INFORMATION_FORMAT = dwarf;
				ENABLE_STRICT_OBJC_MSGSEND = YES;
				ENABLE_TESTABILITY = YES;
				GCC_C_LANGUAGE_STANDARD = gnu11;
				GCC_DYNAMIC_NO_PIC = NO;
				GCC_NO_COMMON_BLOCKS = YES;
				GCC_OPTIMIZATION_LEVEL = 0;
				GCC_PREPROCESSOR_DEFINITIONS = (
					"DEBUG=1",
					"$(inherited)",
				);
				GCC_WARN_64_TO_32_BIT_CONVERSION = YES;
				GCC_WARN_ABOUT_RETURN_TYPE = YES_ERROR;
				GCC_WARN_UNDECLARED_SELECTOR = YES;
				GCC_WARN_UNINITIALIZED_AUTOS = YES_AGGRESSIVE;
				GCC_WARN_UNUSED_FUNCTION = YES;
				GCC_WARN_UNUSED_VARIABLE = YES;
				IPHONEOS_DEPLOYMENT_TARGET = 15.5;
				MTL_ENABLE_DEBUG_INFO = INCLUDE_SOURCE;
				MTL_FAST_MATH = YES;
				ONLY_ACTIVE_ARCH = YES;
				SDKROOT = iphoneos;
				SWIFT_ACTIVE_COMPILATION_CONDITIONS = DEBUG;
				SWIFT_OPTIMIZATION_LEVEL = "-Onone";
			};
			name = Debug;
		};
		59CB51DA28A82C83001CC061 /* Release */ = {
			isa = XCBuildConfiguration;
			buildSettings = {
				ALWAYS_SEARCH_USER_PATHS = NO;
				CLANG_ANALYZER_NONNULL = YES;
				CLANG_ANALYZER_NUMBER_OBJECT_CONVERSION = YES_AGGRESSIVE;
				CLANG_CXX_LANGUAGE_STANDARD = "gnu++17";
				CLANG_ENABLE_MODULES = YES;
				CLANG_ENABLE_OBJC_ARC = YES;
				CLANG_ENABLE_OBJC_WEAK = YES;
				CLANG_WARN_BLOCK_CAPTURE_AUTORELEASING = YES;
				CLANG_WARN_BOOL_CONVERSION = YES;
				CLANG_WARN_COMMA = YES;
				CLANG_WARN_CONSTANT_CONVERSION = YES;
				CLANG_WARN_DEPRECATED_OBJC_IMPLEMENTATIONS = YES;
				CLANG_WARN_DIRECT_OBJC_ISA_USAGE = YES_ERROR;
				CLANG_WARN_DOCUMENTATION_COMMENTS = YES;
				CLANG_WARN_EMPTY_BODY = YES;
				CLANG_WARN_ENUM_CONVERSION = YES;
				CLANG_WARN_INFINITE_RECURSION = YES;
				CLANG_WARN_INT_CONVERSION = YES;
				CLANG_WARN_NON_LITERAL_NULL_CONVERSION = YES;
				CLANG_WARN_OBJC_IMPLICIT_RETAIN_SELF = YES;
				CLANG_WARN_OBJC_LITERAL_CONVERSION = YES;
				CLANG_WARN_OBJC_ROOT_CLASS = YES_ERROR;
				CLANG_WARN_QUOTED_INCLUDE_IN_FRAMEWORK_HEADER = YES;
				CLANG_WARN_RANGE_LOOP_ANALYSIS = YES;
				CLANG_WARN_STRICT_PROTOTYPES = YES;
				CLANG_WARN_SUSPICIOUS_MOVE = YES;
				CLANG_WARN_UNGUARDED_AVAILABILITY = YES_AGGRESSIVE;
				CLANG_WARN_UNREACHABLE_CODE = YES;
				CLANG_WARN__DUPLICATE_METHOD_MATCH = YES;
				COPY_PHASE_STRIP = NO;
				DEBUG_INFORMATION_FORMAT = "dwarf-with-dsym";
				ENABLE_NS_ASSERTIONS = NO;
				ENABLE_STRICT_OBJC_MSGSEND = YES;
				GCC_C_LANGUAGE_STANDARD = gnu11;
				GCC_NO_COMMON_BLOCKS = YES;
				GCC_WARN_64_TO_32_BIT_CONVERSION = YES;
				GCC_WARN_ABOUT_RETURN_TYPE = YES_ERROR;
				GCC_WARN_UNDECLARED_SELECTOR = YES;
				GCC_WARN_UNINITIALIZED_AUTOS = YES_AGGRESSIVE;
				GCC_WARN_UNUSED_FUNCTION = YES;
				GCC_WARN_UNUSED_VARIABLE = YES;
				IPHONEOS_DEPLOYMENT_TARGET = 15.5;
				MTL_ENABLE_DEBUG_INFO = NO;
				MTL_FAST_MATH = YES;
				SDKROOT = iphoneos;
				SWIFT_COMPILATION_MODE = wholemodule;
				SWIFT_OPTIMIZATION_LEVEL = "-O";
				VALIDATE_PRODUCT = YES;
			};
			name = Release;
		};
		59CB51DC28A82C83001CC061 /* Debug */ = {
			isa = XCBuildConfiguration;
			baseConfigurationReference = 64889E64429D9D904BB20227 /* Pods-OC-P10-Reciplease.debug.xcconfig */;
			buildSettings = {
				ALWAYS_EMBED_SWIFT_STANDARD_LIBRARIES = YES;
				ASSETCATALOG_COMPILER_APPICON_NAME = AppIcon;
				ASSETCATALOG_COMPILER_GLOBAL_ACCENT_COLOR_NAME = AccentColor;
				CODE_SIGN_STYLE = Automatic;
				CURRENT_PROJECT_VERSION = 1;
				DEVELOPMENT_TEAM = S25TANK5XP;
				GENERATE_INFOPLIST_FILE = YES;
				INFOPLIST_FILE = "OC-P10-Reciplease/Supporting Files/Info.plist";
				INFOPLIST_KEY_UIApplicationSupportsIndirectInputEvents = YES;
				INFOPLIST_KEY_UILaunchStoryboardName = LaunchScreen;
				INFOPLIST_KEY_UISupportedInterfaceOrientations_iPad = "UIInterfaceOrientationPortrait UIInterfaceOrientationPortraitUpsideDown UIInterfaceOrientationLandscapeLeft UIInterfaceOrientationLandscapeRight";
				INFOPLIST_KEY_UISupportedInterfaceOrientations_iPhone = "UIInterfaceOrientationPortrait UIInterfaceOrientationLandscapeLeft UIInterfaceOrientationLandscapeRight";
				LD_RUNPATH_SEARCH_PATHS = (
					"$(inherited)",
					"@executable_path/Frameworks",
				);
				MARKETING_VERSION = 1.0;
				PRODUCT_BUNDLE_IDENTIFIER = "adpiscinam.OC-P10-Reciplease";
				PRODUCT_NAME = "$(TARGET_NAME)";
				SWIFT_EMIT_LOC_STRINGS = YES;
				SWIFT_VERSION = 5.0;
				TARGETED_DEVICE_FAMILY = 1;
			};
			name = Debug;
		};
		59CB51DD28A82C83001CC061 /* Release */ = {
			isa = XCBuildConfiguration;
			baseConfigurationReference = ED94D0BFD773A8260598DF27 /* Pods-OC-P10-Reciplease.release.xcconfig */;
			buildSettings = {
				ALWAYS_EMBED_SWIFT_STANDARD_LIBRARIES = YES;
				ASSETCATALOG_COMPILER_APPICON_NAME = AppIcon;
				ASSETCATALOG_COMPILER_GLOBAL_ACCENT_COLOR_NAME = AccentColor;
				CODE_SIGN_STYLE = Automatic;
				CURRENT_PROJECT_VERSION = 1;
				DEVELOPMENT_TEAM = S25TANK5XP;
				GENERATE_INFOPLIST_FILE = YES;
				INFOPLIST_FILE = "OC-P10-Reciplease/Supporting Files/Info.plist";
				INFOPLIST_KEY_UIApplicationSupportsIndirectInputEvents = YES;
				INFOPLIST_KEY_UILaunchStoryboardName = LaunchScreen;
				INFOPLIST_KEY_UISupportedInterfaceOrientations_iPad = "UIInterfaceOrientationPortrait UIInterfaceOrientationPortraitUpsideDown UIInterfaceOrientationLandscapeLeft UIInterfaceOrientationLandscapeRight";
				INFOPLIST_KEY_UISupportedInterfaceOrientations_iPhone = "UIInterfaceOrientationPortrait UIInterfaceOrientationLandscapeLeft UIInterfaceOrientationLandscapeRight";
				LD_RUNPATH_SEARCH_PATHS = (
					"$(inherited)",
					"@executable_path/Frameworks",
				);
				MARKETING_VERSION = 1.0;
				PRODUCT_BUNDLE_IDENTIFIER = "adpiscinam.OC-P10-Reciplease";
				PRODUCT_NAME = "$(TARGET_NAME)";
				SWIFT_EMIT_LOC_STRINGS = YES;
				SWIFT_VERSION = 5.0;
				TARGETED_DEVICE_FAMILY = 1;
			};
			name = Release;
		};
/* End XCBuildConfiguration section */

/* Begin XCConfigurationList section */
		59C4763028AC917B005266F4 /* Build configuration list for PBXNativeTarget "OC-P10-RecipleaseTests" */ = {
			isa = XCConfigurationList;
			buildConfigurations = (
				59C4763128AC917B005266F4 /* Debug */,
				59C4763228AC917B005266F4 /* Release */,
			);
			defaultConfigurationIsVisible = 0;
			defaultConfigurationName = Release;
		};
		59CB51C228A82C82001CC061 /* Build configuration list for PBXProject "OC-P10-Reciplease" */ = {
			isa = XCConfigurationList;
			buildConfigurations = (
				59CB51D928A82C83001CC061 /* Debug */,
				59CB51DA28A82C83001CC061 /* Release */,
			);
			defaultConfigurationIsVisible = 0;
			defaultConfigurationName = Release;
		};
		59CB51DB28A82C83001CC061 /* Build configuration list for PBXNativeTarget "OC-P10-Reciplease" */ = {
			isa = XCConfigurationList;
			buildConfigurations = (
				59CB51DC28A82C83001CC061 /* Debug */,
				59CB51DD28A82C83001CC061 /* Release */,
			);
			defaultConfigurationIsVisible = 0;
			defaultConfigurationName = Release;
		};
/* End XCConfigurationList section */

/* Begin XCVersionGroup section */
		59CB523228A996CF001CC061 /* Recipes.xcdatamodeld */ = {
			isa = XCVersionGroup;
			children = (
				59CB523328A996CF001CC061 /* Recipes.xcdatamodel */,
			);
			currentVersion = 59CB523328A996CF001CC061 /* Recipes.xcdatamodel */;
			path = Recipes.xcdatamodeld;
			sourceTree = "<group>";
			versionGroupType = wrapper.xcdatamodel;
		};
/* End XCVersionGroup section */
	};
	rootObject = 59CB51BF28A82C82001CC061 /* Project object */;
}
